// !$*UTF8*$!
{
	archiveVersion = 1;
	classes = {
	};
	objectVersion = 46;
	objects = {

/* Begin PBXBuildFile section */
		AD7D7AEB1CA144260053CF4C /* main.m in Sources */ = {isa = PBXBuildFile; fileRef = AD7D7AEA1CA144260053CF4C /* main.m */; };
		AD7D7AEE1CA144260053CF4C /* AppDelegate.m in Sources */ = {isa = PBXBuildFile; fileRef = AD7D7AED1CA144260053CF4C /* AppDelegate.m */; };
		AD7D7AF11CA144260053CF4C /* ViewController.m in Sources */ = {isa = PBXBuildFile; fileRef = AD7D7AF01CA144260053CF4C /* ViewController.m */; };
		AD7D7AF41CA144260053CF4C /* Main.storyboard in Resources */ = {isa = PBXBuildFile; fileRef = AD7D7AF21CA144260053CF4C /* Main.storyboard */; };
		AD7D7AF61CA144260053CF4C /* Assets.xcassets in Resources */ = {isa = PBXBuildFile; fileRef = AD7D7AF51CA144260053CF4C /* Assets.xcassets */; };
		AD7D7AF91CA144260053CF4C /* LaunchScreen.storyboard in Resources */ = {isa = PBXBuildFile; fileRef = AD7D7AF71CA144260053CF4C /* LaunchScreen.storyboard */; };
		AD7D7B041CA144260053CF4C /* _______Tests.m in Sources */ = {isa = PBXBuildFile; fileRef = AD7D7B031CA144260053CF4C /* _______Tests.m */; };
		AD7D7B0F1CA144260053CF4C /* _______UITests.m in Sources */ = {isa = PBXBuildFile; fileRef = AD7D7B0E1CA144260053CF4C /* _______UITests.m */; };
		AD7D7B1F1CA145D90053CF4C /* SecondViewController.m in Sources */ = {isa = PBXBuildFile; fileRef = AD7D7B1D1CA145D90053CF4C /* SecondViewController.m */; };
		AD7D7B201CA145D90053CF4C /* SecondViewController.xib in Resources */ = {isa = PBXBuildFile; fileRef = AD7D7B1E1CA145D90053CF4C /* SecondViewController.xib */; };
		AD7D7B231CA1466C0053CF4C /* CustomPushAnimation.m in Sources */ = {isa = PBXBuildFile; fileRef = AD7D7B221CA1466C0053CF4C /* CustomPushAnimation.m */; };
		AD7D7B261CA153DA0053CF4C /* CustomPopAnimation.m in Sources */ = {isa = PBXBuildFile; fileRef = AD7D7B251CA153DA0053CF4C /* CustomPopAnimation.m */; };
/* End PBXBuildFile section */

/* Begin PBXContainerItemProxy section */
		AD7D7B001CA144260053CF4C /* PBXContainerItemProxy */ = {
			isa = PBXContainerItemProxy;
			containerPortal = AD7D7ADE1CA144260053CF4C /* Project object */;
			proxyType = 1;
			remoteGlobalIDString = AD7D7AE51CA144260053CF4C;
			remoteInfo = "自定义转场动画";
		};
		AD7D7B0B1CA144260053CF4C /* PBXContainerItemProxy */ = {
			isa = PBXContainerItemProxy;
			containerPortal = AD7D7ADE1CA144260053CF4C /* Project object */;
			proxyType = 1;
			remoteGlobalIDString = AD7D7AE51CA144260053CF4C;
			remoteInfo = "自定义转场动画";
		};
/* End PBXContainerItemProxy section */

/* Begin PBXFileReference section */
		AD7D7AE61CA144260053CF4C /* 自定义转场动画.app */ = {isa = PBXFileReference; explicitFileType = wrapper.application; includeInIndex = 0; path = "自定义转场动画.app"; sourceTree = BUILT_PRODUCTS_DIR; };
		AD7D7AEA1CA144260053CF4C /* main.m */ = {isa = PBXFileReference; lastKnownFileType = sourcecode.c.objc; path = main.m; sourceTree = "<group>"; };
		AD7D7AEC1CA144260053CF4C /* AppDelegate.h */ = {isa = PBXFileReference; lastKnownFileType = sourcecode.c.h; path = AppDelegate.h; sourceTree = "<group>"; };
		AD7D7AED1CA144260053CF4C /* AppDelegate.m */ = {isa = PBXFileReference; lastKnownFileType = sourcecode.c.objc; path = AppDelegate.m; sourceTree = "<group>"; };
		AD7D7AEF1CA144260053CF4C /* ViewController.h */ = {isa = PBXFileReference; lastKnownFileType = sourcecode.c.h; path = ViewController.h; sourceTree = "<group>"; };
		AD7D7AF01CA144260053CF4C /* ViewController.m */ = {isa = PBXFileReference; lastKnownFileType = sourcecode.c.objc; path = ViewController.m; sourceTree = "<group>"; };
		AD7D7AF31CA144260053CF4C /* Base */ = {isa = PBXFileReference; lastKnownFileType = file.storyboard; name = Base; path = Base.lproj/Main.storyboard; sourceTree = "<group>"; };
		AD7D7AF51CA144260053CF4C /* Assets.xcassets */ = {isa = PBXFileReference; lastKnownFileType = folder.assetcatalog; path = Assets.xcassets; sourceTree = "<group>"; };
		AD7D7AF81CA144260053CF4C /* Base */ = {isa = PBXFileReference; lastKnownFileType = file.storyboard; name = Base; path = Base.lproj/LaunchScreen.storyboard; sourceTree = "<group>"; };
		AD7D7AFA1CA144260053CF4C /* Info.plist */ = {isa = PBXFileReference; lastKnownFileType = text.plist.xml; path = Info.plist; sourceTree = "<group>"; };
		AD7D7AFF1CA144260053CF4C /* 自定义转场动画Tests.xctest */ = {isa = PBXFileReference; explicitFileType = wrapper.cfbundle; includeInIndex = 0; path = "自定义转场动画Tests.xctest"; sourceTree = BUILT_PRODUCTS_DIR; };
		AD7D7B031CA144260053CF4C /* _______Tests.m */ = {isa = PBXFileReference; lastKnownFileType = sourcecode.c.objc; path = "_______Tests.m"; sourceTree = "<group>"; };
		AD7D7B051CA144260053CF4C /* Info.plist */ = {isa = PBXFileReference; lastKnownFileType = text.plist.xml; path = Info.plist; sourceTree = "<group>"; };
		AD7D7B0A1CA144260053CF4C /* 自定义转场动画UITests.xctest */ = {isa = PBXFileReference; explicitFileType = wrapper.cfbundle; includeInIndex = 0; path = "自定义转场动画UITests.xctest"; sourceTree = BUILT_PRODUCTS_DIR; };
		AD7D7B0E1CA144260053CF4C /* _______UITests.m */ = {isa = PBXFileReference; lastKnownFileType = sourcecode.c.objc; path = "_______UITests.m"; sourceTree = "<group>"; };
		AD7D7B101CA144260053CF4C /* Info.plist */ = {isa = PBXFileReference; lastKnownFileType = text.plist.xml; path = Info.plist; sourceTree = "<group>"; };
		AD7D7B1C1CA145D90053CF4C /* SecondViewController.h */ = {isa = PBXFileReference; fileEncoding = 4; lastKnownFileType = sourcecode.c.h; path = SecondViewController.h; sourceTree = "<group>"; };
		AD7D7B1D1CA145D90053CF4C /* SecondViewController.m */ = {isa = PBXFileReference; fileEncoding = 4; lastKnownFileType = sourcecode.c.objc; path = SecondViewController.m; sourceTree = "<group>"; };
		AD7D7B1E1CA145D90053CF4C /* SecondViewController.xib */ = {isa = PBXFileReference; fileEncoding = 4; lastKnownFileType = file.xib; path = SecondViewController.xib; sourceTree = "<group>"; };
		AD7D7B211CA1466C0053CF4C /* CustomPushAnimation.h */ = {isa = PBXFileReference; fileEncoding = 4; lastKnownFileType = sourcecode.c.h; path = CustomPushAnimation.h; sourceTree = "<group>"; };
		AD7D7B221CA1466C0053CF4C /* CustomPushAnimation.m */ = {isa = PBXFileReference; fileEncoding = 4; lastKnownFileType = sourcecode.c.objc; path = CustomPushAnimation.m; sourceTree = "<group>"; };
		AD7D7B241CA153DA0053CF4C /* CustomPopAnimation.h */ = {isa = PBXFileReference; fileEncoding = 4; lastKnownFileType = sourcecode.c.h; path = CustomPopAnimation.h; sourceTree = "<group>"; };
		AD7D7B251CA153DA0053CF4C /* CustomPopAnimation.m */ = {isa = PBXFileReference; fileEncoding = 4; lastKnownFileType = sourcecode.c.objc; path = CustomPopAnimation.m; sourceTree = "<group>"; };
/* End PBXFileReference section */

/* Begin PBXFrameworksBuildPhase section */
		AD7D7AE31CA144260053CF4C /* Frameworks */ = {
			isa = PBXFrameworksBuildPhase;
			buildActionMask = 2147483647;
			files = (
			);
			runOnlyForDeploymentPostprocessing = 0;
		};
		AD7D7AFC1CA144260053CF4C /* Frameworks */ = {
			isa = PBXFrameworksBuildPhase;
			buildActionMask = 2147483647;
			files = (
			);
			runOnlyForDeploymentPostprocessing = 0;
		};
		AD7D7B071CA144260053CF4C /* Frameworks */ = {
			isa = PBXFrameworksBuildPhase;
			buildActionMask = 2147483647;
			files = (
			);
			runOnlyForDeploymentPostprocessing = 0;
		};
/* End PBXFrameworksBuildPhase section */

/* Begin PBXGroup section */
		AD7D7ADD1CA144260053CF4C = {
			isa = PBXGroup;
			children = (
				AD7D7AE81CA144260053CF4C /* 自定义转场动画 */,
				AD7D7B021CA144260053CF4C /* 自定义转场动画Tests */,
				AD7D7B0D1CA144260053CF4C /* 自定义转场动画UITests */,
				AD7D7AE71CA144260053CF4C /* Products */,
			);
			sourceTree = "<group>";
		};
		AD7D7AE71CA144260053CF4C /* Products */ = {
			isa = PBXGroup;
			children = (
				AD7D7AE61CA144260053CF4C /* 自定义转场动画.app */,
				AD7D7AFF1CA144260053CF4C /* 自定义转场动画Tests.xctest */,
				AD7D7B0A1CA144260053CF4C /* 自定义转场动画UITests.xctest */,
			);
			name = Products;
			sourceTree = "<group>";
		};
		AD7D7AE81CA144260053CF4C /* 自定义转场动画 */ = {
			isa = PBXGroup;
			children = (
				AD7D7AEC1CA144260053CF4C /* AppDelegate.h */,
				AD7D7AED1CA144260053CF4C /* AppDelegate.m */,
				AD7D7AEF1CA144260053CF4C /* ViewController.h */,
				AD7D7AF01CA144260053CF4C /* ViewController.m */,
				AD7D7B211CA1466C0053CF4C /* CustomPushAnimation.h */,
				AD7D7B221CA1466C0053CF4C /* CustomPushAnimation.m */,
				AD7D7B241CA153DA0053CF4C /* CustomPopAnimation.h */,
				AD7D7B251CA153DA0053CF4C /* CustomPopAnimation.m */,
				AD7D7B1C1CA145D90053CF4C /* SecondViewController.h */,
				AD7D7B1D1CA145D90053CF4C /* SecondViewController.m */,
				AD7D7B1E1CA145D90053CF4C /* SecondViewController.xib */,
				AD7D7AF21CA144260053CF4C /* Main.storyboard */,
				AD7D7AF51CA144260053CF4C /* Assets.xcassets */,
				AD7D7AF71CA144260053CF4C /* LaunchScreen.storyboard */,
				AD7D7AFA1CA144260053CF4C /* Info.plist */,
				AD7D7AE91CA144260053CF4C /* Supporting Files */,
			);
			path = "自定义转场动画";
			sourceTree = "<group>";
		};
		AD7D7AE91CA144260053CF4C /* Supporting Files */ = {
			isa = PBXGroup;
			children = (
				AD7D7AEA1CA144260053CF4C /* main.m */,
			);
			name = "Supporting Files";
			sourceTree = "<group>";
		};
		AD7D7B021CA144260053CF4C /* 自定义转场动画Tests */ = {
			isa = PBXGroup;
			children = (
				AD7D7B031CA144260053CF4C /* _______Tests.m */,
				AD7D7B051CA144260053CF4C /* Info.plist */,
			);
			path = "自定义转场动画Tests";
			sourceTree = "<group>";
		};
		AD7D7B0D1CA144260053CF4C /* 自定义转场动画UITests */ = {
			isa = PBXGroup;
			children = (
				AD7D7B0E1CA144260053CF4C /* _______UITests.m */,
				AD7D7B101CA144260053CF4C /* Info.plist */,
			);
			path = "自定义转场动画UITests";
			sourceTree = "<group>";
		};
/* End PBXGroup section */

/* Begin PBXNativeTarget section */
		AD7D7AE51CA144260053CF4C /* 自定义转场动画 */ = {
			isa = PBXNativeTarget;
			buildConfigurationList = AD7D7B131CA144260053CF4C /* Build configuration list for PBXNativeTarget "自定义转场动画" */;
			buildPhases = (
				AD7D7AE21CA144260053CF4C /* Sources */,
				AD7D7AE31CA144260053CF4C /* Frameworks */,
				AD7D7AE41CA144260053CF4C /* Resources */,
			);
			buildRules = (
			);
			dependencies = (
			);
			name = "自定义转场动画";
			productName = "自定义转场动画";
			productReference = AD7D7AE61CA144260053CF4C /* 自定义转场动画.app */;
			productType = "com.apple.product-type.application";
		};
		AD7D7AFE1CA144260053CF4C /* 自定义转场动画Tests */ = {
			isa = PBXNativeTarget;
			buildConfigurationList = AD7D7B161CA144260053CF4C /* Build configuration list for PBXNativeTarget "自定义转场动画Tests" */;
			buildPhases = (
				AD7D7AFB1CA144260053CF4C /* Sources */,
				AD7D7AFC1CA144260053CF4C /* Frameworks */,
				AD7D7AFD1CA144260053CF4C /* Resources */,
			);
			buildRules = (
			);
			dependencies = (
				AD7D7B011CA144260053CF4C /* PBXTargetDependency */,
			);
			name = "自定义转场动画Tests";
			productName = "自定义转场动画Tests";
			productReference = AD7D7AFF1CA144260053CF4C /* 自定义转场动画Tests.xctest */;
			productType = "com.apple.product-type.bundle.unit-test";
		};
		AD7D7B091CA144260053CF4C /* 自定义转场动画UITests */ = {
			isa = PBXNativeTarget;
			buildConfigurationList = AD7D7B191CA144260053CF4C /* Build configuration list for PBXNativeTarget "自定义转场动画UITests" */;
			buildPhases = (
				AD7D7B061CA144260053CF4C /* Sources */,
				AD7D7B071CA144260053CF4C /* Frameworks */,
				AD7D7B081CA144260053CF4C /* Resources */,
			);
			buildRules = (
			);
			dependencies = (
				AD7D7B0C1CA144260053CF4C /* PBXTargetDependency */,
			);
			name = "自定义转场动画UITests";
			productName = "自定义转场动画UITests";
			productReference = AD7D7B0A1CA144260053CF4C /* 自定义转场动画UITests.xctest */;
			productType = "com.apple.product-type.bundle.ui-testing";
		};
/* End PBXNativeTarget section */

/* Begin PBXProject section */
		AD7D7ADE1CA144260053CF4C /* Project object */ = {
			isa = PBXProject;
			attributes = {
				LastUpgradeCheck = 0720;
				ORGANIZATIONNAME = "翁志方";
				TargetAttributes = {
					AD7D7AE51CA144260053CF4C = {
						CreatedOnToolsVersion = 7.2;
					};
					AD7D7AFE1CA144260053CF4C = {
						CreatedOnToolsVersion = 7.2;
						TestTargetID = AD7D7AE51CA144260053CF4C;
					};
					AD7D7B091CA144260053CF4C = {
						CreatedOnToolsVersion = 7.2;
						TestTargetID = AD7D7AE51CA144260053CF4C;
					};
				};
			};
			buildConfigurationList = AD7D7AE11CA144260053CF4C /* Build configuration list for PBXProject "自定义转场动画" */;
			compatibilityVersion = "Xcode 3.2";
			developmentRegion = English;
			hasScannedForEncodings = 0;
			knownRegions = (
				en,
				Base,
			);
			mainGroup = AD7D7ADD1CA144260053CF4C;
			productRefGroup = AD7D7AE71CA144260053CF4C /* Products */;
			projectDirPath = "";
			projectRoot = "";
			targets = (
				AD7D7AE51CA144260053CF4C /* 自定义转场动画 */,
				AD7D7AFE1CA144260053CF4C /* 自定义转场动画Tests */,
				AD7D7B091CA144260053CF4C /* 自定义转场动画UITests */,
			);
		};
/* End PBXProject section */

/* Begin PBXResourcesBuildPhase section */
		AD7D7AE41CA144260053CF4C /* Resources */ = {
			isa = PBXResourcesBuildPhase;
			buildActionMask = 2147483647;
			files = (
				AD7D7B201CA145D90053CF4C /* SecondViewController.xib in Resources */,
				AD7D7AF91CA144260053CF4C /* LaunchScreen.storyboard in Resources */,
				AD7D7AF61CA144260053CF4C /* Assets.xcassets in Resources */,
				AD7D7AF41CA144260053CF4C /* Main.storyboard in Resources */,
			);
			runOnlyForDeploymentPostprocessing = 0;
		};
		AD7D7AFD1CA144260053CF4C /* Resources */ = {
			isa = PBXResourcesBuildPhase;
			buildActionMask = 2147483647;
			files = (
			);
			runOnlyForDeploymentPostprocessing = 0;
		};
		AD7D7B081CA144260053CF4C /* Resources */ = {
			isa = PBXResourcesBuildPhase;
			buildActionMask = 2147483647;
			files = (
			);
			runOnlyForDeploymentPostprocessing = 0;
		};
/* End PBXResourcesBuildPhase section */

/* Begin PBXSourcesBuildPhase section */
		AD7D7AE21CA144260053CF4C /* Sources */ = {
			isa = PBXSourcesBuildPhase;
			buildActionMask = 2147483647;
			files = (
				AD7D7B1F1CA145D90053CF4C /* SecondViewController.m in Sources */,
				AD7D7AF11CA144260053CF4C /* ViewController.m in Sources */,
				AD7D7AEE1CA144260053CF4C /* AppDelegate.m in Sources */,
				AD7D7B261CA153DA0053CF4C /* CustomPopAnimation.m in Sources */,
				AD7D7AEB1CA144260053CF4C /* main.m in Sources */,
				AD7D7B231CA1466C0053CF4C /* CustomPushAnimation.m in Sources */,
			);
			runOnlyForDeploymentPostprocessing = 0;
		};
		AD7D7AFB1CA144260053CF4C /* Sources */ = {
			isa = PBXSourcesBuildPhase;
			buildActionMask = 2147483647;
			files = (
				AD7D7B041CA144260053CF4C /* _______Tests.m in Sources */,
			);
			runOnlyForDeploymentPostprocessing = 0;
		};
		AD7D7B061CA144260053CF4C /* Sources */ = {
			isa = PBXSourcesBuildPhase;
			buildActionMask = 2147483647;
			files = (
				AD7D7B0F1CA144260053CF4C /* _______UITests.m in Sources */,
			);
			runOnlyForDeploymentPostprocessing = 0;
		};
/* End PBXSourcesBuildPhase section */

/* Begin PBXTargetDependency section */
		AD7D7B011CA144260053CF4C /* PBXTargetDependency */ = {
			isa = PBXTargetDependency;
			target = AD7D7AE51CA144260053CF4C /* 自定义转场动画 */;
			targetProxy = AD7D7B001CA144260053CF4C /* PBXContainerItemProxy */;
		};
		AD7D7B0C1CA144260053CF4C /* PBXTargetDependency */ = {
			isa = PBXTargetDependency;
			target = AD7D7AE51CA144260053CF4C /* 自定义转场动画 */;
			targetProxy = AD7D7B0B1CA144260053CF4C /* PBXContainerItemProxy */;
		};
/* End PBXTargetDependency section */

/* Begin PBXVariantGroup section */
		AD7D7AF21CA144260053CF4C /* Main.storyboard */ = {
			isa = PBXVariantGroup;
			children = (
				AD7D7AF31CA144260053CF4C /* Base */,
			);
			name = Main.storyboard;
			sourceTree = "<group>";
		};
		AD7D7AF71CA144260053CF4C /* LaunchScreen.storyboard */ = {
			isa = PBXVariantGroup;
			children = (
				AD7D7AF81CA144260053CF4C /* Base */,
			);
			name = LaunchScreen.storyboard;
			sourceTree = "<group>";
		};
/* End PBXVariantGroup section */

/* Begin XCBuildConfiguration section */
		AD7D7B111CA144260053CF4C /* Debug */ = {
			isa = XCBuildConfiguration;
			buildSettings = {
				ALWAYS_SEARCH_USER_PATHS = NO;
				CLANG_CXX_LANGUAGE_STANDARD = "gnu++0x";
				CLANG_CXX_LIBRARY = "libc++";
				CLANG_ENABLE_MODULES = YES;
				CLANG_ENABLE_OBJC_ARC = YES;
				CLANG_WARN_BOOL_CONVERSION = YES;
				CLANG_WARN_CONSTANT_CONVERSION = YES;
				CLANG_WARN_DIRECT_OBJC_ISA_USAGE = YES_ERROR;
				CLANG_WARN_EMPTY_BODY = YES;
				CLANG_WARN_ENUM_CONVERSION = YES;
				CLANG_WARN_INT_CONVERSION = YES;
				CLANG_WARN_OBJC_ROOT_CLASS = YES_ERROR;
				CLANG_WARN_UNREACHABLE_CODE = YES;
				CLANG_WARN__DUPLICATE_METHOD_MATCH = YES;
				"CODE_SIGN_IDENTITY[sdk=iphoneos*]" = "iPhone Developer";
				COPY_PHASE_STRIP = NO;
				DEBUG_INFORMATION_FORMAT = dwarf;
				ENABLE_STRICT_OBJC_MSGSEND = YES;
				ENABLE_TESTABILITY = YES;
				GCC_C_LANGUAGE_STANDARD = gnu99;
				GCC_DYNAMIC_NO_PIC = NO;
				GCC_NO_COMMON_BLOCKS = YES;
				GCC_OPTIMIZATION_LEVEL = 0;
				GCC_PREPROCESSOR_DEFINITIONS = (
					"DEBUG=1",
					"$(inherited)",
				);
				GCC_WARN_64_TO_32_BIT_CONVERSION = YES;
				GCC_WARN_ABOUT_RETURN_TYPE = YES_ERROR;
				GCC_WARN_UNDECLARED_SELECTOR = YES;
				GCC_WARN_UNINITIALIZED_AUTOS = YES_AGGRESSIVE;
				GCC_WARN_UNUSED_FUNCTION = YES;
				GCC_WARN_UNUSED_VARIABLE = YES;
				IPHONEOS_DEPLOYMENT_TARGET = 9.2;
				MTL_ENABLE_DEBUG_INFO = YES;
				ONLY_ACTIVE_ARCH = YES;
				SDKROOT = iphoneos;
				TARGETED_DEVICE_FAMILY = "1,2";
			};
			name = Debug;
		};
		AD7D7B121CA144260053CF4C /* Release */ = {
			isa = XCBuildConfiguration;
			buildSettings = {
				ALWAYS_SEARCH_USER_PATHS = NO;
				CLANG_CXX_LANGUAGE_STANDARD = "gnu++0x";
				CLANG_CXX_LIBRARY = "libc++";
				CLANG_ENABLE_MODULES = YES;
				CLANG_ENABLE_OBJC_ARC = YES;
				CLANG_WARN_BOOL_CONVERSION = YES;
				CLANG_WARN_CONSTANT_CONVERSION = YES;
				CLANG_WARN_DIRECT_OBJC_ISA_USAGE = YES_ERROR;
				CLANG_WARN_EMPTY_BODY = YES;
				CLANG_WARN_ENUM_CONVERSION = YES;
				CLANG_WARN_INT_CONVERSION = YES;
				CLANG_WARN_OBJC_ROOT_CLASS = YES_ERROR;
				CLANG_WARN_UNREACHABLE_CODE = YES;
				CLANG_WARN__DUPLICATE_METHOD_MATCH = YES;
				"CODE_SIGN_IDENTITY[sdk=iphoneos*]" = "iPhone Developer";
				COPY_PHASE_STRIP = NO;
				DEBUG_INFORMATION_FORMAT = "dwarf-with-dsym";
				ENABLE_NS_ASSERTIONS = NO;
				ENABLE_STRICT_OBJC_MSGSEND = YES;
				GCC_C_LANGUAGE_STANDARD = gnu99;
				GCC_NO_COMMON_BLOCKS = YES;
				GCC_WARN_64_TO_32_BIT_CONVERSION = YES;
				GCC_WARN_ABOUT_RETURN_TYPE = YES_ERROR;
				GCC_WARN_UNDECLARED_SELECTOR = YES;
				GCC_WARN_UNINITIALIZED_AUTOS = YES_AGGRESSIVE;
				GCC_WARN_UNUSED_FUNCTION = YES;
				GCC_WARN_UNUSED_VARIABLE = YES;
				IPHONEOS_DEPLOYMENT_TARGET = 9.2;
				MTL_ENABLE_DEBUG_INFO = NO;
				SDKROOT = iphoneos;
				TARGETED_DEVICE_FAMILY = "1,2";
				VALIDATE_PRODUCT = YES;
			};
			name = Release;
		};
		AD7D7B141CA144260053CF4C /* Debug */ = {
			isa = XCBuildConfiguration;
			buildSettings = {
				ASSETCATALOG_COMPILER_APPICON_NAME = AppIcon;
				INFOPLIST_FILE = "自定义转场动画/Info.plist";
				LD_RUNPATH_SEARCH_PATHS = "$(inherited) @executable_path/Frameworks";
				PRODUCT_BUNDLE_IDENTIFIER = "com.-------";
				PRODUCT_NAME = "$(TARGET_NAME)";
			};
			name = Debug;
		};
		AD7D7B151CA144260053CF4C /* Release */ = {
			isa = XCBuildConfiguration;
			buildSettings = {
				ASSETCATALOG_COMPILER_APPICON_NAME = AppIcon;
				INFOPLIST_FILE = "自定义转场动画/Info.plist";
				LD_RUNPATH_SEARCH_PATHS = "$(inherited) @executable_path/Frameworks";
				PRODUCT_BUNDLE_IDENTIFIER = "com.-------";
				PRODUCT_NAME = "$(TARGET_NAME)";
			};
			name = Release;
		};
		AD7D7B171CA144260053CF4C /* Debug */ = {
			isa = XCBuildConfiguration;
			buildSettings = {
				BUNDLE_LOADER = "$(TEST_HOST)";
				INFOPLIST_FILE = "自定义转场动画Tests/Info.plist";
				LD_RUNPATH_SEARCH_PATHS = "$(inherited) @executable_path/Frameworks @loader_path/Frameworks";
				PRODUCT_BUNDLE_IDENTIFIER = "com.-------Tests";
				PRODUCT_NAME = "$(TARGET_NAME)";
				TEST_HOST = "$(BUILT_PRODUCTS_DIR)/自定义转场动画.app/自定义转场动画";
			};
			name = Debug;
		};
		AD7D7B181CA144260053CF4C /* Release */ = {
			isa = XCBuildConfiguration;
			buildSettings = {
				BUNDLE_LOADER = "$(TEST_HOST)";
				INFOPLIST_FILE = "自定义转场动画Tests/Info.plist";
				LD_RUNPATH_SEARCH_PATHS = "$(inherited) @executable_path/Frameworks @loader_path/Frameworks";
				PRODUCT_BUNDLE_IDENTIFIER = "com.-------Tests";
				PRODUCT_NAME = "$(TARGET_NAME)";
				TEST_HOST = "$(BUILT_PRODUCTS_DIR)/自定义转场动画.app/自定义转场动画";
			};
			name = Release;
		};
		AD7D7B1A1CA144260053CF4C /* Debug */ = {
			isa = XCBuildConfiguration;
			buildSettings = {
				INFOPLIST_FILE = "自定义转场动画UITests/Info.plist";
				LD_RUNPATH_SEARCH_PATHS = "$(inherited) @executable_path/Frameworks @loader_path/Frameworks";
				PRODUCT_BUNDLE_IDENTIFIER = "com.-------UITests";
				PRODUCT_NAME = "$(TARGET_NAME)";
				TEST_TARGET_NAME = "自定义转场动画";
				USES_XCTRUNNER = YES;
			};
			name = Debug;
		};
		AD7D7B1B1CA144260053CF4C /* Release */ = {
			isa = XCBuildConfiguration;
			buildSettings = {
				INFOPLIST_FILE = "自定义转场动画UITests/Info.plist";
				LD_RUNPATH_SEARCH_PATHS = "$(inherited) @executable_path/Frameworks @loader_path/Frameworks";
				PRODUCT_BUNDLE_IDENTIFIER = "com.-------UITests";
				PRODUCT_NAME = "$(TARGET_NAME)";
				TEST_TARGET_NAME = "自定义转场动画";
				USES_XCTRUNNER = YES;
			};
			name = Release;
		};
/* End XCBuildConfiguration section */

/* Begin XCConfigurationList section */
		AD7D7AE11CA144260053CF4C /* Build configuration list for PBXProject "自定义转场动画" */ = {
			isa = XCConfigurationList;
			buildConfigurations = (
				AD7D7B111CA144260053CF4C /* Debug */,
				AD7D7B121CA144260053CF4C /* Release */,
			);
			defaultConfigurationIsVisible = 0;
			defaultConfigurationName = Release;
		};
		AD7D7B131CA144260053CF4C /* Build configuration list for PBXNativeTarget "自定义转场动画" */ = {
			isa = XCConfigurationList;
			buildConfigurations = (
				AD7D7B141CA144260053CF4C /* Debug */,
				AD7D7B151CA144260053CF4C /* Release */,
			);
			defaultConfigurationIsVisible = 0;
			defaultConfigurationName = Release;
		};
		AD7D7B161CA144260053CF4C /* Build configuration list for PBXNativeTarget "自定义转场动画Tests" */ = {
			isa = XCConfigurationList;
			buildConfigurations = (
				AD7D7B171CA144260053CF4C /* Debug */,
				AD7D7B181CA144260053CF4C /* Release */,
			);
			defaultConfigurationIsVisible = 0;
			defaultConfigurationName = Release;
		};
		AD7D7B191CA144260053CF4C /* Build configuration list for PBXNativeTarget "自定义转场动画UITests" */ = {
			isa = XCConfigurationList;
			buildConfigurations = (
				AD7D7B1A1CA144260053CF4C /* Debug */,
				AD7D7B1B1CA144260053CF4C /* Release */,
			);
			defaultConfigurationIsVisible = 0;
			defaultConfigurationName = Release;
		};
/* End XCConfigurationList section */
	};
	rootObject = AD7D7ADE1CA144260053CF4C /* Project object */;
}
