// !$*UTF8*$!
{
	archiveVersion = 1;
	classes = {
	};
	objectVersion = 46;
	objects = {

/* Begin PBXBuildFile section */
		ADF1C0331DFE5BD6002D5594 /* FSJSONModel.m in Sources */ = {isa = PBXBuildFile; fileRef = ADF1BFDB1DFE5BD6002D5594 /* FSJSONModel.m */; };
		ADF1C0341DFE5BD6002D5594 /* FSWebImage.m in Sources */ = {isa = PBXBuildFile; fileRef = ADF1BFDE1DFE5BD6002D5594 /* FSWebImage.m */; };
		ADF1C0351DFE5BD6002D5594 /* UIImageView+FSWebCache.m in Sources */ = {isa = PBXBuildFile; fileRef = ADF1BFE01DFE5BD6002D5594 /* UIImageView+FSWebCache.m */; };
		ADF1C0361DFE5BD6002D5594 /* AppDelegate.m in Sources */ = {isa = PBXBuildFile; fileRef = ADF1BFE51DFE5BD6002D5594 /* AppDelegate.m */; };
		ADF1C0371DFE5BD6002D5594 /* Canvas+AboresentLung.m in Sources */ = {isa = PBXBuildFile; fileRef = ADF1BFE71DFE5BD6002D5594 /* Canvas+AboresentLung.m */; };
		ADF1C0381DFE5BD6002D5594 /* Canvas+BinaryTree.m in Sources */ = {isa = PBXBuildFile; fileRef = ADF1BFE81DFE5BD6002D5594 /* Canvas+BinaryTree.m */; };
		ADF1C0391DFE5BD6002D5594 /* Canvas+IFS.m in Sources */ = {isa = PBXBuildFile; fileRef = ADF1BFE91DFE5BD6002D5594 /* Canvas+IFS.m */; };
		ADF1C03A1DFE5BD6002D5594 /* Canvas+KochSnow.m in Sources */ = {isa = PBXBuildFile; fileRef = ADF1BFEA1DFE5BD6002D5594 /* Canvas+KochSnow.m */; };
		ADF1C03B1DFE5BD6002D5594 /* Canvas+Mandelbrot.m in Sources */ = {isa = PBXBuildFile; fileRef = ADF1BFEB1DFE5BD6002D5594 /* Canvas+Mandelbrot.m */; };
		ADF1C03C1DFE5BD6002D5594 /* Canvas+Path.m in Sources */ = {isa = PBXBuildFile; fileRef = ADF1BFEC1DFE5BD6002D5594 /* Canvas+Path.m */; };
		ADF1C03D1DFE5BD6002D5594 /* Canvas+PeanoCurve.m in Sources */ = {isa = PBXBuildFile; fileRef = ADF1BFED1DFE5BD6002D5594 /* Canvas+PeanoCurve.m */; };
		ADF1C03E1DFE5BD6002D5594 /* Canvas+SierpinskiTriangle.m in Sources */ = {isa = PBXBuildFile; fileRef = ADF1BFEE1DFE5BD6002D5594 /* Canvas+SierpinskiTriangle.m */; };
		ADF1C03F1DFE5BD6002D5594 /* Canvas+Spiral.m in Sources */ = {isa = PBXBuildFile; fileRef = ADF1BFEF1DFE5BD6002D5594 /* Canvas+Spiral.m */; };
		ADF1C0401DFE5BD6002D5594 /* Canvas.m in Sources */ = {isa = PBXBuildFile; fileRef = ADF1BFF11DFE5BD6002D5594 /* Canvas.m */; };
		ADF1C0411DFE5BD6002D5594 /* CanvasModel.m in Sources */ = {isa = PBXBuildFile; fileRef = ADF1BFF31DFE5BD6002D5594 /* CanvasModel.m */; };
		ADF1C0421DFE5BD6002D5594 /* Turtle.m in Sources */ = {isa = PBXBuildFile; fileRef = ADF1BFF51DFE5BD6002D5594 /* Turtle.m */; };
		ADF1C0431DFE5BD6002D5594 /* FractalViewController.m in Sources */ = {isa = PBXBuildFile; fileRef = ADF1BFF71DFE5BD6002D5594 /* FractalViewController.m */; };
		ADF1C0441DFE5BD6002D5594 /* FractalViewController.xib in Resources */ = {isa = PBXBuildFile; fileRef = ADF1BFF81DFE5BD6002D5594 /* FractalViewController.xib */; };
		ADF1C0451DFE5BD6002D5594 /* LOGOViewController.m in Sources */ = {isa = PBXBuildFile; fileRef = ADF1BFFA1DFE5BD6002D5594 /* LOGOViewController.m */; };
		ADF1C0461DFE5BD6002D5594 /* LOGOViewController.xib in Resources */ = {isa = PBXBuildFile; fileRef = ADF1BFFB1DFE5BD6002D5594 /* LOGOViewController.xib */; };
		ADF1C0471DFE5BD6002D5594 /* TableViewCell.m in Sources */ = {isa = PBXBuildFile; fileRef = ADF1BFFD1DFE5BD6002D5594 /* TableViewCell.m */; };
		ADF1C0481DFE5BD6002D5594 /* TableViewCell.xib in Resources */ = {isa = PBXBuildFile; fileRef = ADF1BFFE1DFE5BD6002D5594 /* TableViewCell.xib */; };
		ADF1C0491DFE5BD6002D5594 /* TableViewController.m in Sources */ = {isa = PBXBuildFile; fileRef = ADF1C0001DFE5BD6002D5594 /* TableViewController.m */; };
		ADF1C04A1DFE5BD6002D5594 /* TableViewController.xib in Resources */ = {isa = PBXBuildFile; fileRef = ADF1C0011DFE5BD6002D5594 /* TableViewController.xib */; };
		ADF1C04B1DFE5BD6002D5594 /* 0.jpg in Resources */ = {isa = PBXBuildFile; fileRef = ADF1C0041DFE5BD6002D5594 /* 0.jpg */; };
		ADF1C04C1DFE5BD6002D5594 /* 1.jpg in Resources */ = {isa = PBXBuildFile; fileRef = ADF1C0051DFE5BD6002D5594 /* 1.jpg */; };
		ADF1C04D1DFE5BD6002D5594 /* 2.jpg in Resources */ = {isa = PBXBuildFile; fileRef = ADF1C0061DFE5BD6002D5594 /* 2.jpg */; };
		ADF1C04E1DFE5BD6002D5594 /* 3.jpg in Resources */ = {isa = PBXBuildFile; fileRef = ADF1C0071DFE5BD6002D5594 /* 3.jpg */; };
		ADF1C04F1DFE5BD6002D5594 /* 4.jpg in Resources */ = {isa = PBXBuildFile; fileRef = ADF1C0081DFE5BD6002D5594 /* 4.jpg */; };
		ADF1C0501DFE5BD6002D5594 /* 5.jpg in Resources */ = {isa = PBXBuildFile; fileRef = ADF1C0091DFE5BD6002D5594 /* 5.jpg */; };
		ADF1C0511DFE5BD6002D5594 /* 6.jpg in Resources */ = {isa = PBXBuildFile; fileRef = ADF1C00A1DFE5BD6002D5594 /* 6.jpg */; };
		ADF1C0521DFE5BD6002D5594 /* 7.jpg in Resources */ = {isa = PBXBuildFile; fileRef = ADF1C00B1DFE5BD6002D5594 /* 7.jpg */; };
		ADF1C0531DFE5BD6002D5594 /* closeSwitchBackground.png in Resources */ = {isa = PBXBuildFile; fileRef = ADF1C00C1DFE5BD6002D5594 /* closeSwitchBackground.png */; };
		ADF1C0541DFE5BD6002D5594 /* fractal.png in Resources */ = {isa = PBXBuildFile; fileRef = ADF1C00D1DFE5BD6002D5594 /* fractal.png */; };
		ADF1C0551DFE5BD6002D5594 /* pen.png in Resources */ = {isa = PBXBuildFile; fileRef = ADF1C00E1DFE5BD6002D5594 /* pen.png */; };
		ADF1C0561DFE5BD6002D5594 /* Images.xcassets in Resources */ = {isa = PBXBuildFile; fileRef = ADF1C00F1DFE5BD6002D5594 /* Images.xcassets */; };
		ADF1C0661DFE5BD6002D5594 /* LaunchScreen.xib in Resources */ = {isa = PBXBuildFile; fileRef = ADF1C02F1DFE5BD6002D5594 /* LaunchScreen.xib */; };
		ADF1C0671DFE5BD6002D5594 /* main.m in Sources */ = {isa = PBXBuildFile; fileRef = ADF1C0301DFE5BD6002D5594 /* main.m */; };
		ADF1C06A1DFE788B002D5594 /* Info.plist in Resources */ = {isa = PBXBuildFile; fileRef = ADF1C0691DFE788B002D5594 /* Info.plist */; };
		ADF1C07B1DFE7A3A002D5594 /* FSWebImageCache.m in Sources */ = {isa = PBXBuildFile; fileRef = ADF1C0761DFE7A3A002D5594 /* FSWebImageCache.m */; };
		ADF1C07C1DFE7A3A002D5594 /* FSWebImageManager.m in Sources */ = {isa = PBXBuildFile; fileRef = ADF1C0781DFE7A3A002D5594 /* FSWebImageManager.m */; };
		ADF1C07D1DFE7A3A002D5594 /* UIImage+FSForceDecode.m in Sources */ = {isa = PBXBuildFile; fileRef = ADF1C07A1DFE7A3A002D5594 /* UIImage+FSForceDecode.m */; };
		ADF1C0831DFE7BA3002D5594 /* FSNavigationRouter.m in Sources */ = {isa = PBXBuildFile; fileRef = ADF1C0801DFE7BA3002D5594 /* FSNavigationRouter.m */; };
		ADF1C0841DFE7BA3002D5594 /* NSObject+FSKeyValue.m in Sources */ = {isa = PBXBuildFile; fileRef = ADF1C0821DFE7BA3002D5594 /* NSObject+FSKeyValue.m */; };
		ADF1C0A51DFE8247002D5594 /* AnimationCurveViewController.m in Sources */ = {isa = PBXBuildFile; fileRef = ADF1C08B1DFE8247002D5594 /* AnimationCurveViewController.m */; };
		ADF1C0A61DFE8247002D5594 /* AnimationCurveViewController.xib in Resources */ = {isa = PBXBuildFile; fileRef = ADF1C08C1DFE8247002D5594 /* AnimationCurveViewController.xib */; };
		ADF1C0A71DFE8247002D5594 /* FSCarouselView.m in Sources */ = {isa = PBXBuildFile; fileRef = ADF1C08F1DFE8247002D5594 /* FSCarouselView.m */; };
		ADF1C0A81DFE8247002D5594 /* FSScrollView+AnimationParameter.m in Sources */ = {isa = PBXBuildFile; fileRef = ADF1C0911DFE8247002D5594 /* FSScrollView+AnimationParameter.m */; };
		ADF1C0A91DFE8247002D5594 /* FSScrollView.m in Sources */ = {isa = PBXBuildFile; fileRef = ADF1C0931DFE8247002D5594 /* FSScrollView.m */; };
		ADF1C0AA1DFE8247002D5594 /* FSTestCarouselView.m in Sources */ = {isa = PBXBuildFile; fileRef = ADF1C0951DFE8247002D5594 /* FSTestCarouselView.m */; };
		ADF1C0AB1DFE8247002D5594 /* FSCloseSwithView.m in Sources */ = {isa = PBXBuildFile; fileRef = ADF1C0981DFE8247002D5594 /* FSCloseSwithView.m */; };
		ADF1C0AC1DFE8247002D5594 /* FSTestCloseSwitchView.m in Sources */ = {isa = PBXBuildFile; fileRef = ADF1C09A1DFE8247002D5594 /* FSTestCloseSwitchView.m */; };
		ADF1C0AD1DFE8247002D5594 /* FSScanQRCodeViewController.m in Sources */ = {isa = PBXBuildFile; fileRef = ADF1C09D1DFE8247002D5594 /* FSScanQRCodeViewController.m */; };
		ADF1C0AE1DFE8247002D5594 /* FSScanQRCodeViewController.xib in Resources */ = {isa = PBXBuildFile; fileRef = ADF1C09E1DFE8247002D5594 /* FSScanQRCodeViewController.xib */; };
		ADF1C0AF1DFE8247002D5594 /* sao.png in Resources */ = {isa = PBXBuildFile; fileRef = ADF1C09F1DFE8247002D5594 /* sao.png */; };
		ADF1C0B01DFE8247002D5594 /* weixinScan.mp3 in Resources */ = {isa = PBXBuildFile; fileRef = ADF1C0A01DFE8247002D5594 /* weixinScan.mp3 */; };
		ADF1C0B11DFE8247002D5594 /* UberStartViewController.m in Sources */ = {isa = PBXBuildFile; fileRef = ADF1C0A31DFE8247002D5594 /* UberStartViewController.m */; };
		ADF1C0B21DFE8247002D5594 /* UberStartViewController.xib in Resources */ = {isa = PBXBuildFile; fileRef = ADF1C0A41DFE8247002D5594 /* UberStartViewController.xib */; };
		ADF1C0B91DFEBA42002D5594 /* LMSTaskpoolTableViewCell.xib in Resources */ = {isa = PBXBuildFile; fileRef = ADF1C0B61DFEBA42002D5594 /* LMSTaskpoolTableViewCell.xib */; };
		ADF1C0BA1DFEBA42002D5594 /* LMSTaskpoolTableViewCell.m in Sources */ = {isa = PBXBuildFile; fileRef = ADF1C0B71DFEBA42002D5594 /* LMSTaskpoolTableViewCell.m */; };
/* End PBXBuildFile section */

/* Begin PBXFileReference section */
		ADF1BFBE1DFE5B7A002D5594 /* iDraw.app */ = {isa = PBXFileReference; explicitFileType = wrapper.application; includeInIndex = 0; path = iDraw.app; sourceTree = BUILT_PRODUCTS_DIR; };
		ADF1BFDA1DFE5BD6002D5594 /* FSJSONModel.h */ = {isa = PBXFileReference; fileEncoding = 4; lastKnownFileType = sourcecode.c.h; path = FSJSONModel.h; sourceTree = "<group>"; };
		ADF1BFDB1DFE5BD6002D5594 /* FSJSONModel.m */ = {isa = PBXFileReference; fileEncoding = 4; lastKnownFileType = sourcecode.c.objc; path = FSJSONModel.m; sourceTree = "<group>"; };
		ADF1BFDD1DFE5BD6002D5594 /* FSWebImage.h */ = {isa = PBXFileReference; fileEncoding = 4; lastKnownFileType = sourcecode.c.h; path = FSWebImage.h; sourceTree = "<group>"; };
		ADF1BFDE1DFE5BD6002D5594 /* FSWebImage.m */ = {isa = PBXFileReference; fileEncoding = 4; lastKnownFileType = sourcecode.c.objc; path = FSWebImage.m; sourceTree = "<group>"; };
		ADF1BFDF1DFE5BD6002D5594 /* UIImageView+FSWebCache.h */ = {isa = PBXFileReference; fileEncoding = 4; lastKnownFileType = sourcecode.c.h; path = "UIImageView+FSWebCache.h"; sourceTree = "<group>"; };
		ADF1BFE01DFE5BD6002D5594 /* UIImageView+FSWebCache.m */ = {isa = PBXFileReference; fileEncoding = 4; lastKnownFileType = sourcecode.c.objc; path = "UIImageView+FSWebCache.m"; sourceTree = "<group>"; };
		ADF1BFE11DFE5BD6002D5594 /* Macro.h */ = {isa = PBXFileReference; fileEncoding = 4; lastKnownFileType = sourcecode.c.h; path = Macro.h; sourceTree = "<group>"; };
		ADF1BFE41DFE5BD6002D5594 /* AppDelegate.h */ = {isa = PBXFileReference; fileEncoding = 4; lastKnownFileType = sourcecode.c.h; path = AppDelegate.h; sourceTree = "<group>"; };
		ADF1BFE51DFE5BD6002D5594 /* AppDelegate.m */ = {isa = PBXFileReference; fileEncoding = 4; lastKnownFileType = sourcecode.c.objc; path = AppDelegate.m; sourceTree = "<group>"; };
		ADF1BFE71DFE5BD6002D5594 /* Canvas+AboresentLung.m */ = {isa = PBXFileReference; fileEncoding = 4; lastKnownFileType = sourcecode.c.objc; path = "Canvas+AboresentLung.m"; sourceTree = "<group>"; };
		ADF1BFE81DFE5BD6002D5594 /* Canvas+BinaryTree.m */ = {isa = PBXFileReference; fileEncoding = 4; lastKnownFileType = sourcecode.c.objc; path = "Canvas+BinaryTree.m"; sourceTree = "<group>"; };
		ADF1BFE91DFE5BD6002D5594 /* Canvas+IFS.m */ = {isa = PBXFileReference; fileEncoding = 4; lastKnownFileType = sourcecode.c.objc; path = "Canvas+IFS.m"; sourceTree = "<group>"; };
		ADF1BFEA1DFE5BD6002D5594 /* Canvas+KochSnow.m */ = {isa = PBXFileReference; fileEncoding = 4; lastKnownFileType = sourcecode.c.objc; path = "Canvas+KochSnow.m"; sourceTree = "<group>"; };
		ADF1BFEB1DFE5BD6002D5594 /* Canvas+Mandelbrot.m */ = {isa = PBXFileReference; fileEncoding = 4; lastKnownFileType = sourcecode.c.objc; path = "Canvas+Mandelbrot.m"; sourceTree = "<group>"; };
		ADF1BFEC1DFE5BD6002D5594 /* Canvas+Path.m */ = {isa = PBXFileReference; fileEncoding = 4; lastKnownFileType = sourcecode.c.objc; path = "Canvas+Path.m"; sourceTree = "<group>"; };
		ADF1BFED1DFE5BD6002D5594 /* Canvas+PeanoCurve.m */ = {isa = PBXFileReference; fileEncoding = 4; lastKnownFileType = sourcecode.c.objc; path = "Canvas+PeanoCurve.m"; sourceTree = "<group>"; };
		ADF1BFEE1DFE5BD6002D5594 /* Canvas+SierpinskiTriangle.m */ = {isa = PBXFileReference; fileEncoding = 4; lastKnownFileType = sourcecode.c.objc; path = "Canvas+SierpinskiTriangle.m"; sourceTree = "<group>"; };
		ADF1BFEF1DFE5BD6002D5594 /* Canvas+Spiral.m */ = {isa = PBXFileReference; fileEncoding = 4; lastKnownFileType = sourcecode.c.objc; path = "Canvas+Spiral.m"; sourceTree = "<group>"; };
		ADF1BFF01DFE5BD6002D5594 /* Canvas.h */ = {isa = PBXFileReference; fileEncoding = 4; lastKnownFileType = sourcecode.c.h; path = Canvas.h; sourceTree = "<group>"; };
		ADF1BFF11DFE5BD6002D5594 /* Canvas.m */ = {isa = PBXFileReference; fileEncoding = 4; lastKnownFileType = sourcecode.c.objc; path = Canvas.m; sourceTree = "<group>"; };
		ADF1BFF21DFE5BD6002D5594 /* CanvasModel.h */ = {isa = PBXFileReference; fileEncoding = 4; lastKnownFileType = sourcecode.c.h; path = CanvasModel.h; sourceTree = "<group>"; };
		ADF1BFF31DFE5BD6002D5594 /* CanvasModel.m */ = {isa = PBXFileReference; fileEncoding = 4; lastKnownFileType = sourcecode.c.objc; path = CanvasModel.m; sourceTree = "<group>"; };
		ADF1BFF41DFE5BD6002D5594 /* Turtle.h */ = {isa = PBXFileReference; fileEncoding = 4; lastKnownFileType = sourcecode.c.h; path = Turtle.h; sourceTree = "<group>"; };
		ADF1BFF51DFE5BD6002D5594 /* Turtle.m */ = {isa = PBXFileReference; fileEncoding = 4; lastKnownFileType = sourcecode.c.objc; path = Turtle.m; sourceTree = "<group>"; };
		ADF1BFF61DFE5BD6002D5594 /* FractalViewController.h */ = {isa = PBXFileReference; fileEncoding = 4; lastKnownFileType = sourcecode.c.h; path = FractalViewController.h; sourceTree = "<group>"; };
		ADF1BFF71DFE5BD6002D5594 /* FractalViewController.m */ = {isa = PBXFileReference; fileEncoding = 4; lastKnownFileType = sourcecode.c.objc; path = FractalViewController.m; sourceTree = "<group>"; };
		ADF1BFF81DFE5BD6002D5594 /* FractalViewController.xib */ = {isa = PBXFileReference; fileEncoding = 4; lastKnownFileType = file.xib; path = FractalViewController.xib; sourceTree = "<group>"; };
		ADF1BFF91DFE5BD6002D5594 /* LOGOViewController.h */ = {isa = PBXFileReference; fileEncoding = 4; lastKnownFileType = sourcecode.c.h; path = LOGOViewController.h; sourceTree = "<group>"; };
		ADF1BFFA1DFE5BD6002D5594 /* LOGOViewController.m */ = {isa = PBXFileReference; fileEncoding = 4; lastKnownFileType = sourcecode.c.objc; path = LOGOViewController.m; sourceTree = "<group>"; };
		ADF1BFFB1DFE5BD6002D5594 /* LOGOViewController.xib */ = {isa = PBXFileReference; fileEncoding = 4; lastKnownFileType = file.xib; path = LOGOViewController.xib; sourceTree = "<group>"; };
		ADF1BFFC1DFE5BD6002D5594 /* TableViewCell.h */ = {isa = PBXFileReference; fileEncoding = 4; lastKnownFileType = sourcecode.c.h; path = TableViewCell.h; sourceTree = "<group>"; };
		ADF1BFFD1DFE5BD6002D5594 /* TableViewCell.m */ = {isa = PBXFileReference; fileEncoding = 4; lastKnownFileType = sourcecode.c.objc; path = TableViewCell.m; sourceTree = "<group>"; };
		ADF1BFFE1DFE5BD6002D5594 /* TableViewCell.xib */ = {isa = PBXFileReference; fileEncoding = 4; lastKnownFileType = file.xib; path = TableViewCell.xib; sourceTree = "<group>"; };
		ADF1BFFF1DFE5BD6002D5594 /* TableViewController.h */ = {isa = PBXFileReference; fileEncoding = 4; lastKnownFileType = sourcecode.c.h; path = TableViewController.h; sourceTree = "<group>"; };
		ADF1C0001DFE5BD6002D5594 /* TableViewController.m */ = {isa = PBXFileReference; fileEncoding = 4; lastKnownFileType = sourcecode.c.objc; path = TableViewController.m; sourceTree = "<group>"; };
		ADF1C0011DFE5BD6002D5594 /* TableViewController.xib */ = {isa = PBXFileReference; fileEncoding = 4; lastKnownFileType = file.xib; path = TableViewController.xib; sourceTree = "<group>"; };
		ADF1C0041DFE5BD6002D5594 /* 0.jpg */ = {isa = PBXFileReference; lastKnownFileType = image.jpeg; path = 0.jpg; sourceTree = "<group>"; };
		ADF1C0051DFE5BD6002D5594 /* 1.jpg */ = {isa = PBXFileReference; lastKnownFileType = image.jpeg; path = 1.jpg; sourceTree = "<group>"; };
		ADF1C0061DFE5BD6002D5594 /* 2.jpg */ = {isa = PBXFileReference; lastKnownFileType = image.jpeg; path = 2.jpg; sourceTree = "<group>"; };
		ADF1C0071DFE5BD6002D5594 /* 3.jpg */ = {isa = PBXFileReference; lastKnownFileType = image.jpeg; path = 3.jpg; sourceTree = "<group>"; };
		ADF1C0081DFE5BD6002D5594 /* 4.jpg */ = {isa = PBXFileReference; lastKnownFileType = image.jpeg; path = 4.jpg; sourceTree = "<group>"; };
		ADF1C0091DFE5BD6002D5594 /* 5.jpg */ = {isa = PBXFileReference; lastKnownFileType = image.jpeg; path = 5.jpg; sourceTree = "<group>"; };
		ADF1C00A1DFE5BD6002D5594 /* 6.jpg */ = {isa = PBXFileReference; lastKnownFileType = image.jpeg; path = 6.jpg; sourceTree = "<group>"; };
		ADF1C00B1DFE5BD6002D5594 /* 7.jpg */ = {isa = PBXFileReference; lastKnownFileType = image.jpeg; path = 7.jpg; sourceTree = "<group>"; };
		ADF1C00C1DFE5BD6002D5594 /* closeSwitchBackground.png */ = {isa = PBXFileReference; lastKnownFileType = image.png; path = closeSwitchBackground.png; sourceTree = "<group>"; };
		ADF1C00D1DFE5BD6002D5594 /* fractal.png */ = {isa = PBXFileReference; lastKnownFileType = image.png; path = fractal.png; sourceTree = "<group>"; };
		ADF1C00E1DFE5BD6002D5594 /* pen.png */ = {isa = PBXFileReference; lastKnownFileType = image.png; path = pen.png; sourceTree = "<group>"; };
		ADF1C00F1DFE5BD6002D5594 /* Images.xcassets */ = {isa = PBXFileReference; lastKnownFileType = folder.assetcatalog; path = Images.xcassets; sourceTree = "<group>"; };
		ADF1C02F1DFE5BD6002D5594 /* LaunchScreen.xib */ = {isa = PBXFileReference; fileEncoding = 4; lastKnownFileType = file.xib; path = LaunchScreen.xib; sourceTree = "<group>"; };
		ADF1C0301DFE5BD6002D5594 /* main.m */ = {isa = PBXFileReference; fileEncoding = 4; lastKnownFileType = sourcecode.c.objc; path = main.m; sourceTree = "<group>"; };
		ADF1C0321DFE5BD6002D5594 /* Thinking.h */ = {isa = PBXFileReference; fileEncoding = 4; lastKnownFileType = sourcecode.c.h; path = Thinking.h; sourceTree = "<group>"; };
		ADF1C0681DFE7828002D5594 /* PrefixHeader.pch */ = {isa = PBXFileReference; fileEncoding = 4; lastKnownFileType = sourcecode.c.h; path = PrefixHeader.pch; sourceTree = "<group>"; };
		ADF1C0691DFE788B002D5594 /* Info.plist */ = {isa = PBXFileReference; fileEncoding = 4; lastKnownFileType = text.plist.xml; path = Info.plist; sourceTree = "<group>"; };
		ADF1C0751DFE7A3A002D5594 /* FSWebImageCache.h */ = {isa = PBXFileReference; fileEncoding = 4; lastKnownFileType = sourcecode.c.h; path = FSWebImageCache.h; sourceTree = "<group>"; };
		ADF1C0761DFE7A3A002D5594 /* FSWebImageCache.m */ = {isa = PBXFileReference; fileEncoding = 4; lastKnownFileType = sourcecode.c.objc; path = FSWebImageCache.m; sourceTree = "<group>"; };
		ADF1C0771DFE7A3A002D5594 /* FSWebImageManager.h */ = {isa = PBXFileReference; fileEncoding = 4; lastKnownFileType = sourcecode.c.h; path = FSWebImageManager.h; sourceTree = "<group>"; };
		ADF1C0781DFE7A3A002D5594 /* FSWebImageManager.m */ = {isa = PBXFileReference; fileEncoding = 4; lastKnownFileType = sourcecode.c.objc; path = FSWebImageManager.m; sourceTree = "<group>"; };
		ADF1C0791DFE7A3A002D5594 /* UIImage+FSForceDecode.h */ = {isa = PBXFileReference; fileEncoding = 4; lastKnownFileType = sourcecode.c.h; path = "UIImage+FSForceDecode.h"; sourceTree = "<group>"; };
		ADF1C07A1DFE7A3A002D5594 /* UIImage+FSForceDecode.m */ = {isa = PBXFileReference; fileEncoding = 4; lastKnownFileType = sourcecode.c.objc; path = "UIImage+FSForceDecode.m"; sourceTree = "<group>"; };
		ADF1C07F1DFE7BA3002D5594 /* FSNavigationRouter.h */ = {isa = PBXFileReference; fileEncoding = 4; lastKnownFileType = sourcecode.c.h; path = FSNavigationRouter.h; sourceTree = "<group>"; };
		ADF1C0801DFE7BA3002D5594 /* FSNavigationRouter.m */ = {isa = PBXFileReference; fileEncoding = 4; lastKnownFileType = sourcecode.c.objc; path = FSNavigationRouter.m; sourceTree = "<group>"; };
		ADF1C0811DFE7BA3002D5594 /* NSObject+FSKeyValue.h */ = {isa = PBXFileReference; fileEncoding = 4; lastKnownFileType = sourcecode.c.h; path = "NSObject+FSKeyValue.h"; sourceTree = "<group>"; };
		ADF1C0821DFE7BA3002D5594 /* NSObject+FSKeyValue.m */ = {isa = PBXFileReference; fileEncoding = 4; lastKnownFileType = sourcecode.c.objc; path = "NSObject+FSKeyValue.m"; sourceTree = "<group>"; };
		ADF1C08A1DFE8247002D5594 /* AnimationCurveViewController.h */ = {isa = PBXFileReference; fileEncoding = 4; lastKnownFileType = sourcecode.c.h; path = AnimationCurveViewController.h; sourceTree = "<group>"; };
		ADF1C08B1DFE8247002D5594 /* AnimationCurveViewController.m */ = {isa = PBXFileReference; fileEncoding = 4; lastKnownFileType = sourcecode.c.objc; path = AnimationCurveViewController.m; sourceTree = "<group>"; };
		ADF1C08C1DFE8247002D5594 /* AnimationCurveViewController.xib */ = {isa = PBXFileReference; fileEncoding = 4; lastKnownFileType = file.xib; path = AnimationCurveViewController.xib; sourceTree = "<group>"; };
		ADF1C08E1DFE8247002D5594 /* FSCarouselView.h */ = {isa = PBXFileReference; fileEncoding = 4; lastKnownFileType = sourcecode.c.h; path = FSCarouselView.h; sourceTree = "<group>"; };
		ADF1C08F1DFE8247002D5594 /* FSCarouselView.m */ = {isa = PBXFileReference; fileEncoding = 4; lastKnownFileType = sourcecode.c.objc; path = FSCarouselView.m; sourceTree = "<group>"; };
		ADF1C0901DFE8247002D5594 /* FSScrollView+AnimationParameter.h */ = {isa = PBXFileReference; fileEncoding = 4; lastKnownFileType = sourcecode.c.h; path = "FSScrollView+AnimationParameter.h"; sourceTree = "<group>"; };
		ADF1C0911DFE8247002D5594 /* FSScrollView+AnimationParameter.m */ = {isa = PBXFileReference; fileEncoding = 4; lastKnownFileType = sourcecode.c.objc; path = "FSScrollView+AnimationParameter.m"; sourceTree = "<group>"; };
		ADF1C0921DFE8247002D5594 /* FSScrollView.h */ = {isa = PBXFileReference; fileEncoding = 4; lastKnownFileType = sourcecode.c.h; path = FSScrollView.h; sourceTree = "<group>"; };
		ADF1C0931DFE8247002D5594 /* FSScrollView.m */ = {isa = PBXFileReference; fileEncoding = 4; lastKnownFileType = sourcecode.c.objc; path = FSScrollView.m; sourceTree = "<group>"; };
		ADF1C0941DFE8247002D5594 /* FSTestCarouselView.h */ = {isa = PBXFileReference; fileEncoding = 4; lastKnownFileType = sourcecode.c.h; path = FSTestCarouselView.h; sourceTree = "<group>"; };
		ADF1C0951DFE8247002D5594 /* FSTestCarouselView.m */ = {isa = PBXFileReference; fileEncoding = 4; lastKnownFileType = sourcecode.c.objc; path = FSTestCarouselView.m; sourceTree = "<group>"; };
		ADF1C0971DFE8247002D5594 /* FSCloseSwithView.h */ = {isa = PBXFileReference; fileEncoding = 4; lastKnownFileType = sourcecode.c.h; path = FSCloseSwithView.h; sourceTree = "<group>"; };
		ADF1C0981DFE8247002D5594 /* FSCloseSwithView.m */ = {isa = PBXFileReference; fileEncoding = 4; lastKnownFileType = sourcecode.c.objc; path = FSCloseSwithView.m; sourceTree = "<group>"; };
		ADF1C0991DFE8247002D5594 /* FSTestCloseSwitchView.h */ = {isa = PBXFileReference; fileEncoding = 4; lastKnownFileType = sourcecode.c.h; path = FSTestCloseSwitchView.h; sourceTree = "<group>"; };
		ADF1C09A1DFE8247002D5594 /* FSTestCloseSwitchView.m */ = {isa = PBXFileReference; fileEncoding = 4; lastKnownFileType = sourcecode.c.objc; path = FSTestCloseSwitchView.m; sourceTree = "<group>"; };
		ADF1C09C1DFE8247002D5594 /* FSScanQRCodeViewController.h */ = {isa = PBXFileReference; fileEncoding = 4; lastKnownFileType = sourcecode.c.h; path = FSScanQRCodeViewController.h; sourceTree = "<group>"; };
		ADF1C09D1DFE8247002D5594 /* FSScanQRCodeViewController.m */ = {isa = PBXFileReference; fileEncoding = 4; lastKnownFileType = sourcecode.c.objc; path = FSScanQRCodeViewController.m; sourceTree = "<group>"; };
		ADF1C09E1DFE8247002D5594 /* FSScanQRCodeViewController.xib */ = {isa = PBXFileReference; fileEncoding = 4; lastKnownFileType = file.xib; path = FSScanQRCodeViewController.xib; sourceTree = "<group>"; };
		ADF1C09F1DFE8247002D5594 /* sao.png */ = {isa = PBXFileReference; lastKnownFileType = image.png; path = sao.png; sourceTree = "<group>"; };
		ADF1C0A01DFE8247002D5594 /* weixinScan.mp3 */ = {isa = PBXFileReference; lastKnownFileType = audio.mp3; path = weixinScan.mp3; sourceTree = "<group>"; };
		ADF1C0A21DFE8247002D5594 /* UberStartViewController.h */ = {isa = PBXFileReference; fileEncoding = 4; lastKnownFileType = sourcecode.c.h; path = UberStartViewController.h; sourceTree = "<group>"; };
		ADF1C0A31DFE8247002D5594 /* UberStartViewController.m */ = {isa = PBXFileReference; fileEncoding = 4; lastKnownFileType = sourcecode.c.objc; path = UberStartViewController.m; sourceTree = "<group>"; };
		ADF1C0A41DFE8247002D5594 /* UberStartViewController.xib */ = {isa = PBXFileReference; fileEncoding = 4; lastKnownFileType = file.xib; path = UberStartViewController.xib; sourceTree = "<group>"; };
		ADF1C0B61DFEBA42002D5594 /* LMSTaskpoolTableViewCell.xib */ = {isa = PBXFileReference; fileEncoding = 4; lastKnownFileType = file.xib; path = LMSTaskpoolTableViewCell.xib; sourceTree = "<group>"; };
		ADF1C0B71DFEBA42002D5594 /* LMSTaskpoolTableViewCell.m */ = {isa = PBXFileReference; fileEncoding = 4; lastKnownFileType = sourcecode.c.objc; path = LMSTaskpoolTableViewCell.m; sourceTree = "<group>"; };
		ADF1C0B81DFEBA42002D5594 /* LMSTaskpoolTableViewCell.h */ = {isa = PBXFileReference; fileEncoding = 4; lastKnownFileType = sourcecode.c.h; path = LMSTaskpoolTableViewCell.h; sourceTree = "<group>"; };
/* End PBXFileReference section */

/* Begin PBXFrameworksBuildPhase section */
		ADF1BFBB1DFE5B7A002D5594 /* Frameworks */ = {
			isa = PBXFrameworksBuildPhase;
			buildActionMask = 2147483647;
			files = (
			);
			runOnlyForDeploymentPostprocessing = 0;
		};
/* End PBXFrameworksBuildPhase section */

/* Begin PBXGroup section */
		ADF1BFB51DFE5B7A002D5594 = {
			isa = PBXGroup;
			children = (
				ADF1BFC01DFE5B7A002D5594 /* iDraw */,
				ADF1BFBF1DFE5B7A002D5594 /* Products */,
			);
			sourceTree = "<group>";
		};
		ADF1BFBF1DFE5B7A002D5594 /* Products */ = {
			isa = PBXGroup;
			children = (
				ADF1BFBE1DFE5B7A002D5594 /* iDraw.app */,
			);
			name = Products;
			sourceTree = "<group>";
		};
		ADF1BFC01DFE5B7A002D5594 /* iDraw */ = {
			isa = PBXGroup;
			children = (
				ADF1C0B81DFEBA42002D5594 /* LMSTaskpoolTableViewCell.h */,
				ADF1C0B71DFEBA42002D5594 /* LMSTaskpoolTableViewCell.m */,
				ADF1C0B61DFEBA42002D5594 /* LMSTaskpoolTableViewCell.xib */,
				ADF1C0881DFE8247002D5594 /* Effect【效果】 */,
				ADF1BFE31DFE5BD6002D5594 /* iDraw【业务逻辑】 */,
				ADF1BFD81DFE5BD6002D5594 /* FSFoundation【FS基本库】 */,
				ADF1C0021DFE5BD6002D5594 /* Resource【资源】 */,
				ADF1C02D1DFE5BD6002D5594 /* Supporting Files */,
				ADF1C0691DFE788B002D5594 /* Info.plist */,
				ADF1C0681DFE7828002D5594 /* PrefixHeader.pch */,
			);
			path = iDraw;
			sourceTree = "<group>";
		};
		ADF1BFD81DFE5BD6002D5594 /* FSFoundation【FS基本库】 */ = {
			isa = PBXGroup;
			children = (
				ADF1BFE11DFE5BD6002D5594 /* Macro.h */,
				ADF1C07E1DFE7BA3002D5594 /* FSNavigationRouter */,
				ADF1BFD91DFE5BD6002D5594 /* FSJSONModel */,
				ADF1BFDC1DFE5BD6002D5594 /* FSWebImage */,
			);
			path = "FSFoundation【FS基本库】";
			sourceTree = "<group>";
		};
		ADF1BFD91DFE5BD6002D5594 /* FSJSONModel */ = {
			isa = PBXGroup;
			children = (
				ADF1BFDA1DFE5BD6002D5594 /* FSJSONModel.h */,
				ADF1BFDB1DFE5BD6002D5594 /* FSJSONModel.m */,
			);
			path = FSJSONModel;
			sourceTree = "<group>";
		};
		ADF1BFDC1DFE5BD6002D5594 /* FSWebImage */ = {
			isa = PBXGroup;
			children = (
				ADF1C0771DFE7A3A002D5594 /* FSWebImageManager.h */,
				ADF1C0781DFE7A3A002D5594 /* FSWebImageManager.m */,
				ADF1C0751DFE7A3A002D5594 /* FSWebImageCache.h */,
				ADF1C0761DFE7A3A002D5594 /* FSWebImageCache.m */,
				ADF1C0791DFE7A3A002D5594 /* UIImage+FSForceDecode.h */,
				ADF1C07A1DFE7A3A002D5594 /* UIImage+FSForceDecode.m */,
				ADF1BFDF1DFE5BD6002D5594 /* UIImageView+FSWebCache.h */,
				ADF1BFE01DFE5BD6002D5594 /* UIImageView+FSWebCache.m */,
				ADF1BFDD1DFE5BD6002D5594 /* FSWebImage.h */,
				ADF1BFDE1DFE5BD6002D5594 /* FSWebImage.m */,
			);
			path = FSWebImage;
			sourceTree = "<group>";
		};
		ADF1BFE31DFE5BD6002D5594 /* iDraw【业务逻辑】 */ = {
			isa = PBXGroup;
			children = (
				ADF1BFE41DFE5BD6002D5594 /* AppDelegate.h */,
				ADF1BFE51DFE5BD6002D5594 /* AppDelegate.m */,
				ADF1BFE61DFE5BD6002D5594 /* Canvas【画布】 */,
				ADF1BFF61DFE5BD6002D5594 /* FractalViewController.h */,
				ADF1BFF71DFE5BD6002D5594 /* FractalViewController.m */,
				ADF1BFF81DFE5BD6002D5594 /* FractalViewController.xib */,
				ADF1BFF91DFE5BD6002D5594 /* LOGOViewController.h */,
				ADF1BFFA1DFE5BD6002D5594 /* LOGOViewController.m */,
				ADF1BFFB1DFE5BD6002D5594 /* LOGOViewController.xib */,
				ADF1BFFC1DFE5BD6002D5594 /* TableViewCell.h */,
				ADF1BFFD1DFE5BD6002D5594 /* TableViewCell.m */,
				ADF1BFFE1DFE5BD6002D5594 /* TableViewCell.xib */,
				ADF1BFFF1DFE5BD6002D5594 /* TableViewController.h */,
				ADF1C0001DFE5BD6002D5594 /* TableViewController.m */,
				ADF1C0011DFE5BD6002D5594 /* TableViewController.xib */,
			);
			path = "iDraw【业务逻辑】";
			sourceTree = "<group>";
		};
		ADF1BFE61DFE5BD6002D5594 /* Canvas【画布】 */ = {
			isa = PBXGroup;
			children = (
				ADF1BFE71DFE5BD6002D5594 /* Canvas+AboresentLung.m */,
				ADF1BFE81DFE5BD6002D5594 /* Canvas+BinaryTree.m */,
				ADF1BFE91DFE5BD6002D5594 /* Canvas+IFS.m */,
				ADF1BFEA1DFE5BD6002D5594 /* Canvas+KochSnow.m */,
				ADF1BFEB1DFE5BD6002D5594 /* Canvas+Mandelbrot.m */,
				ADF1BFEC1DFE5BD6002D5594 /* Canvas+Path.m */,
				ADF1BFED1DFE5BD6002D5594 /* Canvas+PeanoCurve.m */,
				ADF1BFEE1DFE5BD6002D5594 /* Canvas+SierpinskiTriangle.m */,
				ADF1BFEF1DFE5BD6002D5594 /* Canvas+Spiral.m */,
				ADF1BFF01DFE5BD6002D5594 /* Canvas.h */,
				ADF1BFF11DFE5BD6002D5594 /* Canvas.m */,
				ADF1BFF21DFE5BD6002D5594 /* CanvasModel.h */,
				ADF1BFF31DFE5BD6002D5594 /* CanvasModel.m */,
				ADF1BFF41DFE5BD6002D5594 /* Turtle.h */,
				ADF1BFF51DFE5BD6002D5594 /* Turtle.m */,
			);
			path = "Canvas【画布】";
			sourceTree = "<group>";
		};
		ADF1C0021DFE5BD6002D5594 /* Resource【资源】 */ = {
			isa = PBXGroup;
			children = (
				ADF1C0031DFE5BD6002D5594 /* Image */,
				ADF1C00F1DFE5BD6002D5594 /* Images.xcassets */,
			);
			path = "Resource【资源】";
			sourceTree = "<group>";
		};
		ADF1C0031DFE5BD6002D5594 /* Image */ = {
			isa = PBXGroup;
			children = (
				ADF1C0041DFE5BD6002D5594 /* 0.jpg */,
				ADF1C0051DFE5BD6002D5594 /* 1.jpg */,
				ADF1C0061DFE5BD6002D5594 /* 2.jpg */,
				ADF1C0071DFE5BD6002D5594 /* 3.jpg */,
				ADF1C0081DFE5BD6002D5594 /* 4.jpg */,
				ADF1C0091DFE5BD6002D5594 /* 5.jpg */,
				ADF1C00A1DFE5BD6002D5594 /* 6.jpg */,
				ADF1C00B1DFE5BD6002D5594 /* 7.jpg */,
				ADF1C00C1DFE5BD6002D5594 /* closeSwitchBackground.png */,
				ADF1C00D1DFE5BD6002D5594 /* fractal.png */,
				ADF1C00E1DFE5BD6002D5594 /* pen.png */,
			);
			path = Image;
			sourceTree = "<group>";
		};
		ADF1C02D1DFE5BD6002D5594 /* Supporting Files */ = {
			isa = PBXGroup;
			children = (
				ADF1C02F1DFE5BD6002D5594 /* LaunchScreen.xib */,
				ADF1C0301DFE5BD6002D5594 /* main.m */,
				ADF1C0321DFE5BD6002D5594 /* Thinking.h */,
			);
			path = "Supporting Files";
			sourceTree = "<group>";
		};
		ADF1C07E1DFE7BA3002D5594 /* FSNavigationRouter */ = {
			isa = PBXGroup;
			children = (
				ADF1C07F1DFE7BA3002D5594 /* FSNavigationRouter.h */,
				ADF1C0801DFE7BA3002D5594 /* FSNavigationRouter.m */,
				ADF1C0811DFE7BA3002D5594 /* NSObject+FSKeyValue.h */,
				ADF1C0821DFE7BA3002D5594 /* NSObject+FSKeyValue.m */,
			);
			path = FSNavigationRouter;
			sourceTree = "<group>";
		};
		ADF1C0881DFE8247002D5594 /* Effect【效果】 */ = {
			isa = PBXGroup;
			children = (
				ADF1C0891DFE8247002D5594 /* AnimationCurve【动画曲线】 */,
				ADF1C08D1DFE8247002D5594 /* FSCarouselView【仿Safari控件】 */,
				ADF1C0961DFE8247002D5594 /* FSCloseSwithView 【系统关闭按钮】 */,
				ADF1C09B1DFE8247002D5594 /* FSScanQRCodeViewController【扫一扫】 */,
				ADF1C0A11DFE8247002D5594 /* UberStartViewController【优步启动页动画】 */,
			);
			path = "Effect【效果】";
			sourceTree = "<group>";
		};
		ADF1C0891DFE8247002D5594 /* AnimationCurve【动画曲线】 */ = {
			isa = PBXGroup;
			children = (
				ADF1C08A1DFE8247002D5594 /* AnimationCurveViewController.h */,
				ADF1C08B1DFE8247002D5594 /* AnimationCurveViewController.m */,
				ADF1C08C1DFE8247002D5594 /* AnimationCurveViewController.xib */,
			);
			path = "AnimationCurve【动画曲线】";
			sourceTree = "<group>";
		};
		ADF1C08D1DFE8247002D5594 /* FSCarouselView【仿Safari控件】 */ = {
			isa = PBXGroup;
			children = (
				ADF1C08E1DFE8247002D5594 /* FSCarouselView.h */,
				ADF1C08F1DFE8247002D5594 /* FSCarouselView.m */,
				ADF1C0901DFE8247002D5594 /* FSScrollView+AnimationParameter.h */,
				ADF1C0911DFE8247002D5594 /* FSScrollView+AnimationParameter.m */,
				ADF1C0921DFE8247002D5594 /* FSScrollView.h */,
				ADF1C0931DFE8247002D5594 /* FSScrollView.m */,
				ADF1C0941DFE8247002D5594 /* FSTestCarouselView.h */,
				ADF1C0951DFE8247002D5594 /* FSTestCarouselView.m */,
			);
			path = "FSCarouselView【仿Safari控件】";
			sourceTree = "<group>";
		};
		ADF1C0961DFE8247002D5594 /* FSCloseSwithView 【系统关闭按钮】 */ = {
			isa = PBXGroup;
			children = (
				ADF1C0971DFE8247002D5594 /* FSCloseSwithView.h */,
				ADF1C0981DFE8247002D5594 /* FSCloseSwithView.m */,
				ADF1C0991DFE8247002D5594 /* FSTestCloseSwitchView.h */,
				ADF1C09A1DFE8247002D5594 /* FSTestCloseSwitchView.m */,
			);
			path = "FSCloseSwithView 【系统关闭按钮】";
			sourceTree = "<group>";
		};
		ADF1C09B1DFE8247002D5594 /* FSScanQRCodeViewController【扫一扫】 */ = {
			isa = PBXGroup;
			children = (
				ADF1C09C1DFE8247002D5594 /* FSScanQRCodeViewController.h */,
				ADF1C09D1DFE8247002D5594 /* FSScanQRCodeViewController.m */,
				ADF1C09E1DFE8247002D5594 /* FSScanQRCodeViewController.xib */,
				ADF1C09F1DFE8247002D5594 /* sao.png */,
				ADF1C0A01DFE8247002D5594 /* weixinScan.mp3 */,
			);
			path = "FSScanQRCodeViewController【扫一扫】";
			sourceTree = "<group>";
		};
		ADF1C0A11DFE8247002D5594 /* UberStartViewController【优步启动页动画】 */ = {
			isa = PBXGroup;
			children = (
				ADF1C0A21DFE8247002D5594 /* UberStartViewController.h */,
				ADF1C0A31DFE8247002D5594 /* UberStartViewController.m */,
				ADF1C0A41DFE8247002D5594 /* UberStartViewController.xib */,
			);
			path = "UberStartViewController【优步启动页动画】";
			sourceTree = "<group>";
		};
/* End PBXGroup section */

/* Begin PBXNativeTarget section */
		ADF1BFBD1DFE5B7A002D5594 /* iDraw */ = {
			isa = PBXNativeTarget;
			buildConfigurationList = ADF1BFD51DFE5B7A002D5594 /* Build configuration list for PBXNativeTarget "iDraw" */;
			buildPhases = (
				ADF1BFBA1DFE5B7A002D5594 /* Sources */,
				ADF1BFBB1DFE5B7A002D5594 /* Frameworks */,
				ADF1BFBC1DFE5B7A002D5594 /* Resources */,
			);
			buildRules = (
			);
			dependencies = (
			);
			name = iDraw;
			productName = iDraw;
			productReference = ADF1BFBE1DFE5B7A002D5594 /* iDraw.app */;
			productType = "com.apple.product-type.application";
		};
/* End PBXNativeTarget section */

/* Begin PBXProject section */
		ADF1BFB61DFE5B7A002D5594 /* Project object */ = {
			isa = PBXProject;
			attributes = {
				LastUpgradeCheck = 0810;
				ORGANIZATIONNAME = "翁志方";
				TargetAttributes = {
					ADF1BFBD1DFE5B7A002D5594 = {
						CreatedOnToolsVersion = 8.1;
						DevelopmentTeam = 4JVDCH8EHZ;
						ProvisioningStyle = Automatic;
					};
				};
			};
			buildConfigurationList = ADF1BFB91DFE5B7A002D5594 /* Build configuration list for PBXProject "iDraw" */;
			compatibilityVersion = "Xcode 3.2";
			developmentRegion = English;
			hasScannedForEncodings = 0;
			knownRegions = (
				en,
				Base,
			);
			mainGroup = ADF1BFB51DFE5B7A002D5594;
			productRefGroup = ADF1BFBF1DFE5B7A002D5594 /* Products */;
			projectDirPath = "";
			projectRoot = "";
			targets = (
				ADF1BFBD1DFE5B7A002D5594 /* iDraw */,
			);
		};
/* End PBXProject section */

/* Begin PBXResourcesBuildPhase section */
		ADF1BFBC1DFE5B7A002D5594 /* Resources */ = {
			isa = PBXResourcesBuildPhase;
			buildActionMask = 2147483647;
			files = (
				ADF1C0511DFE5BD6002D5594 /* 6.jpg in Resources */,
				ADF1C0561DFE5BD6002D5594 /* Images.xcassets in Resources */,
				ADF1C0441DFE5BD6002D5594 /* FractalViewController.xib in Resources */,
				ADF1C0501DFE5BD6002D5594 /* 5.jpg in Resources */,
				ADF1C0541DFE5BD6002D5594 /* fractal.png in Resources */,
				ADF1C0531DFE5BD6002D5594 /* closeSwitchBackground.png in Resources */,
				ADF1C0B21DFE8247002D5594 /* UberStartViewController.xib in Resources */,
				ADF1C0AE1DFE8247002D5594 /* FSScanQRCodeViewController.xib in Resources */,
				ADF1C0521DFE5BD6002D5594 /* 7.jpg in Resources */,
				ADF1C0551DFE5BD6002D5594 /* pen.png in Resources */,
				ADF1C0AF1DFE8247002D5594 /* sao.png in Resources */,
				ADF1C06A1DFE788B002D5594 /* Info.plist in Resources */,
				ADF1C04B1DFE5BD6002D5594 /* 0.jpg in Resources */,
				ADF1C04D1DFE5BD6002D5594 /* 2.jpg in Resources */,
				ADF1C0481DFE5BD6002D5594 /* TableViewCell.xib in Resources */,
				ADF1C0A61DFE8247002D5594 /* AnimationCurveViewController.xib in Resources */,
				ADF1C04C1DFE5BD6002D5594 /* 1.jpg in Resources */,
				ADF1C0B91DFEBA42002D5594 /* LMSTaskpoolTableViewCell.xib in Resources */,
				ADF1C0661DFE5BD6002D5594 /* LaunchScreen.xib in Resources */,
				ADF1C0461DFE5BD6002D5594 /* LOGOViewController.xib in Resources */,
				ADF1C04F1DFE5BD6002D5594 /* 4.jpg in Resources */,
				ADF1C04A1DFE5BD6002D5594 /* TableViewController.xib in Resources */,
				ADF1C04E1DFE5BD6002D5594 /* 3.jpg in Resources */,
				ADF1C0B01DFE8247002D5594 /* weixinScan.mp3 in Resources */,
			);
			runOnlyForDeploymentPostprocessing = 0;
		};
/* End PBXResourcesBuildPhase section */

/* Begin PBXSourcesBuildPhase section */
		ADF1BFBA1DFE5B7A002D5594 /* Sources */ = {
			isa = PBXSourcesBuildPhase;
			buildActionMask = 2147483647;
			files = (
				ADF1C0431DFE5BD6002D5594 /* FractalViewController.m in Sources */,
				ADF1C0AA1DFE8247002D5594 /* FSTestCarouselView.m in Sources */,
				ADF1C03C1DFE5BD6002D5594 /* Canvas+Path.m in Sources */,
				ADF1C0401DFE5BD6002D5594 /* Canvas.m in Sources */,
				ADF1C07C1DFE7A3A002D5594 /* FSWebImageManager.m in Sources */,
				ADF1C0491DFE5BD6002D5594 /* TableViewController.m in Sources */,
				ADF1C0841DFE7BA3002D5594 /* NSObject+FSKeyValue.m in Sources */,
				ADF1C0AB1DFE8247002D5594 /* FSCloseSwithView.m in Sources */,
				ADF1C0381DFE5BD6002D5594 /* Canvas+BinaryTree.m in Sources */,
				ADF1C0A91DFE8247002D5594 /* FSScrollView.m in Sources */,
				ADF1C0421DFE5BD6002D5594 /* Turtle.m in Sources */,
				ADF1C0371DFE5BD6002D5594 /* Canvas+AboresentLung.m in Sources */,
				ADF1C0A81DFE8247002D5594 /* FSScrollView+AnimationParameter.m in Sources */,
				ADF1C0BA1DFEBA42002D5594 /* LMSTaskpoolTableViewCell.m in Sources */,
				ADF1C0671DFE5BD6002D5594 /* main.m in Sources */,
				ADF1C0361DFE5BD6002D5594 /* AppDelegate.m in Sources */,
				ADF1C0451DFE5BD6002D5594 /* LOGOViewController.m in Sources */,
				ADF1C03E1DFE5BD6002D5594 /* Canvas+SierpinskiTriangle.m in Sources */,
				ADF1C07B1DFE7A3A002D5594 /* FSWebImageCache.m in Sources */,
				ADF1C03B1DFE5BD6002D5594 /* Canvas+Mandelbrot.m in Sources */,
				ADF1C0B11DFE8247002D5594 /* UberStartViewController.m in Sources */,
				ADF1C0A71DFE8247002D5594 /* FSCarouselView.m in Sources */,
				ADF1C0391DFE5BD6002D5594 /* Canvas+IFS.m in Sources */,
				ADF1C0471DFE5BD6002D5594 /* TableViewCell.m in Sources */,
				ADF1C0331DFE5BD6002D5594 /* FSJSONModel.m in Sources */,
				ADF1C0351DFE5BD6002D5594 /* UIImageView+FSWebCache.m in Sources */,
				ADF1C0AD1DFE8247002D5594 /* FSScanQRCodeViewController.m in Sources */,
				ADF1C0341DFE5BD6002D5594 /* FSWebImage.m in Sources */,
				ADF1C0A51DFE8247002D5594 /* AnimationCurveViewController.m in Sources */,
				ADF1C0831DFE7BA3002D5594 /* FSNavigationRouter.m in Sources */,
				ADF1C0AC1DFE8247002D5594 /* FSTestCloseSwitchView.m in Sources */,
				ADF1C07D1DFE7A3A002D5594 /* UIImage+FSForceDecode.m in Sources */,
				ADF1C03F1DFE5BD6002D5594 /* Canvas+Spiral.m in Sources */,
				ADF1C0411DFE5BD6002D5594 /* CanvasModel.m in Sources */,
				ADF1C03A1DFE5BD6002D5594 /* Canvas+KochSnow.m in Sources */,
				ADF1C03D1DFE5BD6002D5594 /* Canvas+PeanoCurve.m in Sources */,
			);
			runOnlyForDeploymentPostprocessing = 0;
		};
/* End PBXSourcesBuildPhase section */

/* Begin XCBuildConfiguration section */
		ADF1BFD31DFE5B7A002D5594 /* Debug */ = {
			isa = XCBuildConfiguration;
			buildSettings = {
				ALWAYS_SEARCH_USER_PATHS = NO;
				CLANG_ANALYZER_NONNULL = YES;
				CLANG_CXX_LANGUAGE_STANDARD = "gnu++0x";
				CLANG_CXX_LIBRARY = "libc++";
				CLANG_ENABLE_MODULES = YES;
				CLANG_ENABLE_OBJC_ARC = YES;
				CLANG_WARN_BOOL_CONVERSION = YES;
				CLANG_WARN_CONSTANT_CONVERSION = YES;
				CLANG_WARN_DIRECT_OBJC_ISA_USAGE = YES_ERROR;
				CLANG_WARN_DOCUMENTATION_COMMENTS = YES;
				CLANG_WARN_EMPTY_BODY = YES;
				CLANG_WARN_ENUM_CONVERSION = YES;
				CLANG_WARN_INFINITE_RECURSION = YES;
				CLANG_WARN_INT_CONVERSION = YES;
				CLANG_WARN_OBJC_ROOT_CLASS = YES_ERROR;
				CLANG_WARN_SUSPICIOUS_MOVES = YES;
				CLANG_WARN_UNREACHABLE_CODE = YES;
				CLANG_WARN__DUPLICATE_METHOD_MATCH = YES;
				"CODE_SIGN_IDENTITY[sdk=iphoneos*]" = "iPhone Developer";
				COPY_PHASE_STRIP = NO;
				DEBUG_INFORMATION_FORMAT = dwarf;
				ENABLE_STRICT_OBJC_MSGSEND = YES;
				ENABLE_TESTABILITY = YES;
				GCC_C_LANGUAGE_STANDARD = gnu99;
				GCC_DYNAMIC_NO_PIC = NO;
				GCC_NO_COMMON_BLOCKS = YES;
				GCC_OPTIMIZATION_LEVEL = 0;
				GCC_PREPROCESSOR_DEFINITIONS = (
					"DEBUG=1",
					"$(inherited)",
				);
				GCC_WARN_64_TO_32_BIT_CONVERSION = YES;
				GCC_WARN_ABOUT_RETURN_TYPE = YES_ERROR;
				GCC_WARN_UNDECLARED_SELECTOR = YES;
				GCC_WARN_UNINITIALIZED_AUTOS = YES_AGGRESSIVE;
				GCC_WARN_UNUSED_FUNCTION = YES;
				GCC_WARN_UNUSED_VARIABLE = YES;
				IPHONEOS_DEPLOYMENT_TARGET = 10.1;
				MTL_ENABLE_DEBUG_INFO = YES;
				ONLY_ACTIVE_ARCH = YES;
				SDKROOT = iphoneos;
			};
			name = Debug;
		};
		ADF1BFD41DFE5B7A002D5594 /* Release */ = {
			isa = XCBuildConfiguration;
			buildSettings = {
				ALWAYS_SEARCH_USER_PATHS = NO;
				CLANG_ANALYZER_NONNULL = YES;
				CLANG_CXX_LANGUAGE_STANDARD = "gnu++0x";
				CLANG_CXX_LIBRARY = "libc++";
				CLANG_ENABLE_MODULES = YES;
				CLANG_ENABLE_OBJC_ARC = YES;
				CLANG_WARN_BOOL_CONVERSION = YES;
				CLANG_WARN_CONSTANT_CONVERSION = YES;
				CLANG_WARN_DIRECT_OBJC_ISA_USAGE = YES_ERROR;
				CLANG_WARN_DOCUMENTATION_COMMENTS = YES;
				CLANG_WARN_EMPTY_BODY = YES;
				CLANG_WARN_ENUM_CONVERSION = YES;
				CLANG_WARN_INFINITE_RECURSION = YES;
				CLANG_WARN_INT_CONVERSION = YES;
				CLANG_WARN_OBJC_ROOT_CLASS = YES_ERROR;
				CLANG_WARN_SUSPICIOUS_MOVES = YES;
				CLANG_WARN_UNREACHABLE_CODE = YES;
				CLANG_WARN__DUPLICATE_METHOD_MATCH = YES;
				"CODE_SIGN_IDENTITY[sdk=iphoneos*]" = "iPhone Developer";
				COPY_PHASE_STRIP = NO;
				DEBUG_INFORMATION_FORMAT = "dwarf-with-dsym";
				ENABLE_NS_ASSERTIONS = NO;
				ENABLE_STRICT_OBJC_MSGSEND = YES;
				GCC_C_LANGUAGE_STANDARD = gnu99;
				GCC_NO_COMMON_BLOCKS = YES;
				GCC_WARN_64_TO_32_BIT_CONVERSION = YES;
				GCC_WARN_ABOUT_RETURN_TYPE = YES_ERROR;
				GCC_WARN_UNDECLARED_SELECTOR = YES;
				GCC_WARN_UNINITIALIZED_AUTOS = YES_AGGRESSIVE;
				GCC_WARN_UNUSED_FUNCTION = YES;
				GCC_WARN_UNUSED_VARIABLE = YES;
				IPHONEOS_DEPLOYMENT_TARGET = 10.1;
				MTL_ENABLE_DEBUG_INFO = NO;
				SDKROOT = iphoneos;
				VALIDATE_PRODUCT = YES;
			};
			name = Release;
		};
		ADF1BFD61DFE5B7A002D5594 /* Debug */ = {
			isa = XCBuildConfiguration;
			buildSettings = {
				ASSETCATALOG_COMPILER_APPICON_NAME = AppIcon;
				DEVELOPMENT_TEAM = 4JVDCH8EHZ;
				GCC_PRECOMPILE_PREFIX_HEADER = YES;
				GCC_PREFIX_HEADER = "$(SRCROOT)/iDraw/PrefixHeader.pch";
				INFOPLIST_FILE = iDraw/Info.plist;
				LD_RUNPATH_SEARCH_PATHS = "$(inherited) @executable_path/Frameworks";
				PRODUCT_BUNDLE_IDENTIFIER = com.wzf.iDraw;
				PRODUCT_NAME = "$(TARGET_NAME)";
			};
			name = Debug;
		};
		ADF1BFD71DFE5B7A002D5594 /* Release */ = {
			isa = XCBuildConfiguration;
			buildSettings = {
				ASSETCATALOG_COMPILER_APPICON_NAME = AppIcon;
				DEVELOPMENT_TEAM = 4JVDCH8EHZ;
				GCC_PRECOMPILE_PREFIX_HEADER = YES;
				GCC_PREFIX_HEADER = "$(SRCROOT)/iDraw/PrefixHeader.pch";
				INFOPLIST_FILE = iDraw/Info.plist;
				LD_RUNPATH_SEARCH_PATHS = "$(inherited) @executable_path/Frameworks";
				PRODUCT_BUNDLE_IDENTIFIER = com.wzf.iDraw;
				PRODUCT_NAME = "$(TARGET_NAME)";
			};
			name = Release;
		};
/* End XCBuildConfiguration section */

/* Begin XCConfigurationList section */
		ADF1BFB91DFE5B7A002D5594 /* Build configuration list for PBXProject "iDraw" */ = {
			isa = XCConfigurationList;
			buildConfigurations = (
				ADF1BFD31DFE5B7A002D5594 /* Debug */,
				ADF1BFD41DFE5B7A002D5594 /* Release */,
			);
			defaultConfigurationIsVisible = 0;
			defaultConfigurationName = Release;
		};
		ADF1BFD51DFE5B7A002D5594 /* Build configuration list for PBXNativeTarget "iDraw" */ = {
			isa = XCConfigurationList;
			buildConfigurations = (
				ADF1BFD61DFE5B7A002D5594 /* Debug */,
				ADF1BFD71DFE5B7A002D5594 /* Release */,
			);
			defaultConfigurationIsVisible = 0;
			defaultConfigurationName = Release;
		};
/* End XCConfigurationList section */
	};
	rootObject = ADF1BFB61DFE5B7A002D5594 /* Project object */;
}
