// !$*UTF8*$!
{
	archiveVersion = 1;
	classes = {
	};
	objectVersion = 46;
	objects = {

/* Begin PBXBuildFile section */
		AD03B6761E49C48D00C172E4 /* FSCarrotGuideView.m in Sources */ = {isa = PBXBuildFile; fileRef = AD03B6751E49C48D00C172E4 /* FSCarrotGuideView.m */; };
		AD03B6791E49CB4C00C172E4 /* UIView+XQ.m in Sources */ = {isa = PBXBuildFile; fileRef = AD03B6781E49CB4C00C172E4 /* UIView+XQ.m */; };
		ADECCE8D1E34ADDD001D483C /* main.m in Sources */ = {isa = PBXBuildFile; fileRef = ADECCE8C1E34ADDD001D483C /* main.m */; };
		ADECCE901E34ADDD001D483C /* AppDelegate.m in Sources */ = {isa = PBXBuildFile; fileRef = ADECCE8F1E34ADDD001D483C /* AppDelegate.m */; };
		ADECCE931E34ADDD001D483C /* ViewController.m in Sources */ = {isa = PBXBuildFile; fileRef = ADECCE921E34ADDD001D483C /* ViewController.m */; };
		ADECCE961E34ADDD001D483C /* Main.storyboard in Resources */ = {isa = PBXBuildFile; fileRef = ADECCE941E34ADDD001D483C /* Main.storyboard */; };
		ADECCE981E34ADDD001D483C /* Assets.xcassets in Resources */ = {isa = PBXBuildFile; fileRef = ADECCE971E34ADDD001D483C /* Assets.xcassets */; };
		ADECCE9B1E34ADDD001D483C /* LaunchScreen.storyboard in Resources */ = {isa = PBXBuildFile; fileRef = ADECCE991E34ADDD001D483C /* LaunchScreen.storyboard */; };
		ADFB8A731E4ABA2500EAEADC /* FSArrowTextView.m in Sources */ = {isa = PBXBuildFile; fileRef = ADFB8A721E4ABA2500EAEADC /* FSArrowTextView.m */; };
/* End PBXBuildFile section */

/* Begin PBXFileReference section */
		AD03B6741E49C48D00C172E4 /* FSCarrotGuideView.h */ = {isa = PBXFileReference; fileEncoding = 4; lastKnownFileType = sourcecode.c.h; path = FSCarrotGuideView.h; sourceTree = "<group>"; };
		AD03B6751E49C48D00C172E4 /* FSCarrotGuideView.m */ = {isa = PBXFileReference; fileEncoding = 4; lastKnownFileType = sourcecode.c.objc; path = FSCarrotGuideView.m; sourceTree = "<group>"; };
		AD03B6771E49CB4C00C172E4 /* UIView+XQ.h */ = {isa = PBXFileReference; fileEncoding = 4; lastKnownFileType = sourcecode.c.h; path = "UIView+XQ.h"; sourceTree = "<group>"; };
		AD03B6781E49CB4C00C172E4 /* UIView+XQ.m */ = {isa = PBXFileReference; fileEncoding = 4; lastKnownFileType = sourcecode.c.objc; path = "UIView+XQ.m"; sourceTree = "<group>"; };
		ADECCE881E34ADDD001D483C /* iCarrot.app */ = {isa = PBXFileReference; explicitFileType = wrapper.application; includeInIndex = 0; path = iCarrot.app; sourceTree = BUILT_PRODUCTS_DIR; };
		ADECCE8C1E34ADDD001D483C /* main.m */ = {isa = PBXFileReference; lastKnownFileType = sourcecode.c.objc; path = main.m; sourceTree = "<group>"; };
		ADECCE8E1E34ADDD001D483C /* AppDelegate.h */ = {isa = PBXFileReference; lastKnownFileType = sourcecode.c.h; path = AppDelegate.h; sourceTree = "<group>"; };
		ADECCE8F1E34ADDD001D483C /* AppDelegate.m */ = {isa = PBXFileReference; lastKnownFileType = sourcecode.c.objc; path = AppDelegate.m; sourceTree = "<group>"; };
		ADECCE911E34ADDD001D483C /* ViewController.h */ = {isa = PBXFileReference; lastKnownFileType = sourcecode.c.h; path = ViewController.h; sourceTree = "<group>"; };
		ADECCE921E34ADDD001D483C /* ViewController.m */ = {isa = PBXFileReference; lastKnownFileType = sourcecode.c.objc; path = ViewController.m; sourceTree = "<group>"; };
		ADECCE951E34ADDD001D483C /* Base */ = {isa = PBXFileReference; lastKnownFileType = file.storyboard; name = Base; path = Base.lproj/Main.storyboard; sourceTree = "<group>"; };
		ADECCE971E34ADDD001D483C /* Assets.xcassets */ = {isa = PBXFileReference; lastKnownFileType = folder.assetcatalog; path = Assets.xcassets; sourceTree = "<group>"; };
		ADECCE9A1E34ADDD001D483C /* Base */ = {isa = PBXFileReference; lastKnownFileType = file.storyboard; name = Base; path = Base.lproj/LaunchScreen.storyboard; sourceTree = "<group>"; };
		ADECCE9C1E34ADDD001D483C /* Info.plist */ = {isa = PBXFileReference; lastKnownFileType = text.plist.xml; path = Info.plist; sourceTree = "<group>"; };
		ADFB8A711E4ABA2500EAEADC /* FSArrowTextView.h */ = {isa = PBXFileReference; fileEncoding = 4; lastKnownFileType = sourcecode.c.h; path = FSArrowTextView.h; sourceTree = "<group>"; };
		ADFB8A721E4ABA2500EAEADC /* FSArrowTextView.m */ = {isa = PBXFileReference; fileEncoding = 4; lastKnownFileType = sourcecode.c.objc; path = FSArrowTextView.m; sourceTree = "<group>"; };
/* End PBXFileReference section */

/* Begin PBXFrameworksBuildPhase section */
		ADECCE851E34ADDD001D483C /* Frameworks */ = {
			isa = PBXFrameworksBuildPhase;
			buildActionMask = 2147483647;
			files = (
			);
			runOnlyForDeploymentPostprocessing = 0;
		};
/* End PBXFrameworksBuildPhase section */

/* Begin PBXGroup section */
		ADECCE7F1E34ADDD001D483C = {
			isa = PBXGroup;
			children = (
				ADECCE8A1E34ADDD001D483C /* iCarrot */,
				ADECCE891E34ADDD001D483C /* Products */,
			);
			sourceTree = "<group>";
		};
		ADECCE891E34ADDD001D483C /* Products */ = {
			isa = PBXGroup;
			children = (
				ADECCE881E34ADDD001D483C /* iCarrot.app */,
			);
			name = Products;
			sourceTree = "<group>";
		};
		ADECCE8A1E34ADDD001D483C /* iCarrot */ = {
			isa = PBXGroup;
			children = (
				AD03B6771E49CB4C00C172E4 /* UIView+XQ.h */,
				AD03B6781E49CB4C00C172E4 /* UIView+XQ.m */,
				ADECCE8E1E34ADDD001D483C /* AppDelegate.h */,
				ADECCE8F1E34ADDD001D483C /* AppDelegate.m */,
				ADECCE911E34ADDD001D483C /* ViewController.h */,
				ADECCE921E34ADDD001D483C /* ViewController.m */,
				AD03B6741E49C48D00C172E4 /* FSCarrotGuideView.h */,
				AD03B6751E49C48D00C172E4 /* FSCarrotGuideView.m */,
				ADFB8A711E4ABA2500EAEADC /* FSArrowTextView.h */,
				ADFB8A721E4ABA2500EAEADC /* FSArrowTextView.m */,
				ADECCE941E34ADDD001D483C /* Main.storyboard */,
				ADECCE971E34ADDD001D483C /* Assets.xcassets */,
				ADECCE991E34ADDD001D483C /* LaunchScreen.storyboard */,
				ADECCE9C1E34ADDD001D483C /* Info.plist */,
				ADECCE8B1E34ADDD001D483C /* Supporting Files */,
			);
			path = iCarrot;
			sourceTree = "<group>";
		};
		ADECCE8B1E34ADDD001D483C /* Supporting Files */ = {
			isa = PBXGroup;
			children = (
				ADECCE8C1E34ADDD001D483C /* main.m */,
			);
			name = "Supporting Files";
			sourceTree = "<group>";
		};
/* End PBXGroup section */

/* Begin PBXNativeTarget section */
		ADECCE871E34ADDD001D483C /* iCarrot */ = {
			isa = PBXNativeTarget;
			buildConfigurationList = ADECCE9F1E34ADDD001D483C /* Build configuration list for PBXNativeTarget "iCarrot" */;
			buildPhases = (
				ADECCE841E34ADDD001D483C /* Sources */,
				ADECCE851E34ADDD001D483C /* Frameworks */,
				ADECCE861E34ADDD001D483C /* Resources */,
			);
			buildRules = (
			);
			dependencies = (
			);
			name = iCarrot;
			productName = iCarrot;
			productReference = ADECCE881E34ADDD001D483C /* iCarrot.app */;
			productType = "com.apple.product-type.application";
		};
/* End PBXNativeTarget section */

/* Begin PBXProject section */
		ADECCE801E34ADDD001D483C /* Project object */ = {
			isa = PBXProject;
			attributes = {
				LastUpgradeCheck = 0820;
				ORGANIZATIONNAME = wzf;
				TargetAttributes = {
					ADECCE871E34ADDD001D483C = {
						CreatedOnToolsVersion = 8.2.1;
						DevelopmentTeam = 4JVDCH8EHZ;
						ProvisioningStyle = Automatic;
					};
				};
			};
			buildConfigurationList = ADECCE831E34ADDD001D483C /* Build configuration list for PBXProject "iCarrot" */;
			compatibilityVersion = "Xcode 3.2";
			developmentRegion = English;
			hasScannedForEncodings = 0;
			knownRegions = (
				en,
				Base,
			);
			mainGroup = ADECCE7F1E34ADDD001D483C;
			productRefGroup = ADECCE891E34ADDD001D483C /* Products */;
			projectDirPath = "";
			projectRoot = "";
			targets = (
				ADECCE871E34ADDD001D483C /* iCarrot */,
			);
		};
/* End PBXProject section */

/* Begin PBXResourcesBuildPhase section */
		ADECCE861E34ADDD001D483C /* Resources */ = {
			isa = PBXResourcesBuildPhase;
			buildActionMask = 2147483647;
			files = (
				ADECCE9B1E34ADDD001D483C /* LaunchScreen.storyboard in Resources */,
				ADECCE981E34ADDD001D483C /* Assets.xcassets in Resources */,
				ADECCE961E34ADDD001D483C /* Main.storyboard in Resources */,
			);
			runOnlyForDeploymentPostprocessing = 0;
		};
/* End PBXResourcesBuildPhase section */

/* Begin PBXSourcesBuildPhase section */
		ADECCE841E34ADDD001D483C /* Sources */ = {
			isa = PBXSourcesBuildPhase;
			buildActionMask = 2147483647;
			files = (
				ADECCE931E34ADDD001D483C /* ViewController.m in Sources */,
				ADECCE901E34ADDD001D483C /* AppDelegate.m in Sources */,
				ADFB8A731E4ABA2500EAEADC /* FSArrowTextView.m in Sources */,
				ADECCE8D1E34ADDD001D483C /* main.m in Sources */,
				AD03B6761E49C48D00C172E4 /* FSCarrotGuideView.m in Sources */,
				AD03B6791E49CB4C00C172E4 /* UIView+XQ.m in Sources */,
			);
			runOnlyForDeploymentPostprocessing = 0;
		};
/* End PBXSourcesBuildPhase section */

/* Begin PBXVariantGroup section */
		ADECCE941E34ADDD001D483C /* Main.storyboard */ = {
			isa = PBXVariantGroup;
			children = (
				ADECCE951E34ADDD001D483C /* Base */,
			);
			name = Main.storyboard;
			sourceTree = "<group>";
		};
		ADECCE991E34ADDD001D483C /* LaunchScreen.storyboard */ = {
			isa = PBXVariantGroup;
			children = (
				ADECCE9A1E34ADDD001D483C /* Base */,
			);
			name = LaunchScreen.storyboard;
			sourceTree = "<group>";
		};
/* End PBXVariantGroup section */

/* Begin XCBuildConfiguration section */
		ADECCE9D1E34ADDD001D483C /* Debug */ = {
			isa = XCBuildConfiguration;
			buildSettings = {
				ALWAYS_SEARCH_USER_PATHS = NO;
				CLANG_ANALYZER_NONNULL = YES;
				CLANG_CXX_LANGUAGE_STANDARD = "gnu++0x";
				CLANG_CXX_LIBRARY = "libc++";
				CLANG_ENABLE_MODULES = YES;
				CLANG_ENABLE_OBJC_ARC = YES;
				CLANG_WARN_BOOL_CONVERSION = YES;
				CLANG_WARN_CONSTANT_CONVERSION = YES;
				CLANG_WARN_DIRECT_OBJC_ISA_USAGE = YES_ERROR;
				CLANG_WARN_DOCUMENTATION_COMMENTS = YES;
				CLANG_WARN_EMPTY_BODY = YES;
				CLANG_WARN_ENUM_CONVERSION = YES;
				CLANG_WARN_INFINITE_RECURSION = YES;
				CLANG_WARN_INT_CONVERSION = YES;
				CLANG_WARN_OBJC_ROOT_CLASS = YES_ERROR;
				CLANG_WARN_SUSPICIOUS_MOVE = YES;
				CLANG_WARN_UNREACHABLE_CODE = YES;
				CLANG_WARN__DUPLICATE_METHOD_MATCH = YES;
				"CODE_SIGN_IDENTITY[sdk=iphoneos*]" = "iPhone Developer";
				COPY_PHASE_STRIP = NO;
				DEBUG_INFORMATION_FORMAT = dwarf;
				ENABLE_STRICT_OBJC_MSGSEND = YES;
				ENABLE_TESTABILITY = YES;
				GCC_C_LANGUAGE_STANDARD = gnu99;
				GCC_DYNAMIC_NO_PIC = NO;
				GCC_NO_COMMON_BLOCKS = YES;
				GCC_OPTIMIZATION_LEVEL = 0;
				GCC_PREPROCESSOR_DEFINITIONS = (
					"DEBUG=1",
					"$(inherited)",
				);
				GCC_WARN_64_TO_32_BIT_CONVERSION = YES;
				GCC_WARN_ABOUT_RETURN_TYPE = YES_ERROR;
				GCC_WARN_UNDECLARED_SELECTOR = YES;
				GCC_WARN_UNINITIALIZED_AUTOS = YES_AGGRESSIVE;
				GCC_WARN_UNUSED_FUNCTION = YES;
				GCC_WARN_UNUSED_VARIABLE = YES;
				IPHONEOS_DEPLOYMENT_TARGET = 10.2;
				MTL_ENABLE_DEBUG_INFO = YES;
				ONLY_ACTIVE_ARCH = YES;
				SDKROOT = iphoneos;
			};
			name = Debug;
		};
		ADECCE9E1E34ADDD001D483C /* Release */ = {
			isa = XCBuildConfiguration;
			buildSettings = {
				ALWAYS_SEARCH_USER_PATHS = NO;
				CLANG_ANALYZER_NONNULL = YES;
				CLANG_CXX_LANGUAGE_STANDARD = "gnu++0x";
				CLANG_CXX_LIBRARY = "libc++";
				CLANG_ENABLE_MODULES = YES;
				CLANG_ENABLE_OBJC_ARC = YES;
				CLANG_WARN_BOOL_CONVERSION = YES;
				CLANG_WARN_CONSTANT_CONVERSION = YES;
				CLANG_WARN_DIRECT_OBJC_ISA_USAGE = YES_ERROR;
				CLANG_WARN_DOCUMENTATION_COMMENTS = YES;
				CLANG_WARN_EMPTY_BODY = YES;
				CLANG_WARN_ENUM_CONVERSION = YES;
				CLANG_WARN_INFINITE_RECURSION = YES;
				CLANG_WARN_INT_CONVERSION = YES;
				CLANG_WARN_OBJC_ROOT_CLASS = YES_ERROR;
				CLANG_WARN_SUSPICIOUS_MOVE = YES;
				CLANG_WARN_UNREACHABLE_CODE = YES;
				CLANG_WARN__DUPLICATE_METHOD_MATCH = YES;
				"CODE_SIGN_IDENTITY[sdk=iphoneos*]" = "iPhone Developer";
				COPY_PHASE_STRIP = NO;
				DEBUG_INFORMATION_FORMAT = "dwarf-with-dsym";
				ENABLE_NS_ASSERTIONS = NO;
				ENABLE_STRICT_OBJC_MSGSEND = YES;
				GCC_C_LANGUAGE_STANDARD = gnu99;
				GCC_NO_COMMON_BLOCKS = YES;
				GCC_WARN_64_TO_32_BIT_CONVERSION = YES;
				GCC_WARN_ABOUT_RETURN_TYPE = YES_ERROR;
				GCC_WARN_UNDECLARED_SELECTOR = YES;
				GCC_WARN_UNINITIALIZED_AUTOS = YES_AGGRESSIVE;
				GCC_WARN_UNUSED_FUNCTION = YES;
				GCC_WARN_UNUSED_VARIABLE = YES;
				IPHONEOS_DEPLOYMENT_TARGET = 10.2;
				MTL_ENABLE_DEBUG_INFO = NO;
				SDKROOT = iphoneos;
				VALIDATE_PRODUCT = YES;
			};
			name = Release;
		};
		ADECCEA01E34ADDD001D483C /* Debug */ = {
			isa = XCBuildConfiguration;
			buildSettings = {
				ASSETCATALOG_COMPILER_APPICON_NAME = AppIcon;
				DEVELOPMENT_TEAM = 4JVDCH8EHZ;
				INFOPLIST_FILE = iCarrot/Info.plist;
				LD_RUNPATH_SEARCH_PATHS = "$(inherited) @executable_path/Frameworks";
				PRODUCT_BUNDLE_IDENTIFIER = com.wzf.iCarrot;
				PRODUCT_NAME = "$(TARGET_NAME)";
			};
			name = Debug;
		};
		ADECCEA11E34ADDD001D483C /* Release */ = {
			isa = XCBuildConfiguration;
			buildSettings = {
				ASSETCATALOG_COMPILER_APPICON_NAME = AppIcon;
				DEVELOPMENT_TEAM = 4JVDCH8EHZ;
				INFOPLIST_FILE = iCarrot/Info.plist;
				LD_RUNPATH_SEARCH_PATHS = "$(inherited) @executable_path/Frameworks";
				PRODUCT_BUNDLE_IDENTIFIER = com.wzf.iCarrot;
				PRODUCT_NAME = "$(TARGET_NAME)";
			};
			name = Release;
		};
/* End XCBuildConfiguration section */

/* Begin XCConfigurationList section */
		ADECCE831E34ADDD001D483C /* Build configuration list for PBXProject "iCarrot" */ = {
			isa = XCConfigurationList;
			buildConfigurations = (
				ADECCE9D1E34ADDD001D483C /* Debug */,
				ADECCE9E1E34ADDD001D483C /* Release */,
			);
			defaultConfigurationIsVisible = 0;
			defaultConfigurationName = Release;
		};
		ADECCE9F1E34ADDD001D483C /* Build configuration list for PBXNativeTarget "iCarrot" */ = {
			isa = XCConfigurationList;
			buildConfigurations = (
				ADECCEA01E34ADDD001D483C /* Debug */,
				ADECCEA11E34ADDD001D483C /* Release */,
			);
			defaultConfigurationIsVisible = 0;
			defaultConfigurationName = Release;
		};
/* End XCConfigurationList section */
	};
	rootObject = ADECCE801E34ADDD001D483C /* Project object */;
}
